{
  "originHash" : "6b6d75808b3165494633caff3c0b4ba42a33c85f9bcf0eb8cf3f35ec8413af95",
  "pins" : [
    {
      "identity" : "anchorkit",
      "kind" : "remoteSourceControl",
      "location" : "https://github.com/Weebly/AnchorKit.git",
      "state" : {
        "revision" : "d8ac708856ee1975c705ebd44b0fa2b68e393e58",
        "version" : "3.0.3"
      }
    },
    {
      "identity" : "privy-ios",
      "kind" : "remoteSourceControl",
      "location" : "https://github.com/privy-io/privy-ios",
      "state" : {
        "revision" : "cfa9feade4040510fd9a02fe1160e96a0025e738",
        "version" : "2.0.0-beta.3"
      }
    }
  ],
  "version" : 3
}
