{
  "originHash" : "adcad94264419c2259a521cb1be50e9e4117d5a2910bcb5082e5b12724bc55a6",
  "pins" : [
    {
      "identity" : "anchorkit",
      "kind" : "remoteSourceControl",
      "location" : "https://github.com/Weebly/AnchorKit.git",
      "state" : {
        "revision" : "d8ac708856ee1975c705ebd44b0fa2b68e393e58",
        "version" : "3.0.3"
      }
    },
    {
      "identity" : "factory",
      "kind" : "remoteSourceControl",
      "location" : "https://github.com/hmlongco/Factory",
      "state" : {
        "revision" : "c8110886836ab4dd1136dbac0c04f0f36cd68540",
        "version" : "2.4.5"
      }
    },
    {
      "identity" : "privy-ios",
      "kind" : "remoteSourceControl",
      "location" : "https://github.com/privy-io/privy-ios",
      "state" : {
        "revision" : "2623d1c97e8990d7164d7b858d0dbfd68876f4f4"
      }
    },
    {
      "identity" : "sentry-cocoa",
      "kind" : "remoteSourceControl",
      "location" : "https://github.com/getsentry/sentry-cocoa",
      "state" : {
        "revision" : "2c6c1b81d9f6e6178064b4e9b457abe1c118bcda",
        "version" : "8.49.0"
      }
    }
  ],
  "version" : 3
}
