{
  "originHash" : "3ed5230bdb79e4572e86346e046d7fa602ce3430957260d1987a1a14f3498fbd",
  "pins" : [
    {
      "identity" : "anchorkit",
      "kind" : "remoteSourceControl",
      "location" : "https://github.com/Weebly/AnchorKit.git",
      "state" : {
        "revision" : "d8ac708856ee1975c705ebd44b0fa2b68e393e58",
        "version" : "3.0.3"
      }
    },
    {
      "identity" : "factory",
      "kind" : "remoteSourceControl",
      "location" : "https://github.com/hmlongco/Factory",
      "state" : {
        "revision" : "c8110886836ab4dd1136dbac0c04f0f36cd68540",
        "version" : "2.4.5"
      }
    },
    {
      "identity" : "privy-ios",
      "kind" : "remoteSourceControl",
      "location" : "https://github.com/privy-io/privy-ios",
      "state" : {
        "revision" : "2623d1c97e8990d7164d7b858d0dbfd68876f4f4"
      }
    }
  ],
  "version" : 3
}
