// !$*UTF8*$!
{
	archiveVersion = 1;
	classes = {
	};
	objectVersion = 77;
	objects = {

/* Begin PBXBuildFile section */
		D80BAAC22DB2C36500C2FB42 /* Sentry in Frameworks */ = {isa = PBXBuildFile; productRef = D80BAAC12DB2C36500C2FB42 /* Sentry */; };
		D834386F2DB19D8C00A50F45 /* Factory in Frameworks */ = {isa = PBXBuildFile; productRef = D834386E2DB19D8C00A50F45 /* Factory */; };
		D8A2B6BB2DA4BBA400EF8577 /* AnchorKit in Frameworks */ = {isa = PBXBuildFile; productRef = D8A2B6BA2DA4BBA400EF8577 /* AnchorKit */; };
		D8A2B6CB2DA4D5A500EF8577 /* Privy in Frameworks */ = {isa = PBXBuildFile; productRef = D8A2B6CA2DA4D5A500EF8577 /* Privy */; };
/* End PBXBuildFile section */

/* Begin PBXFileReference section */
		D8A2B6912DA4BA4B00EF8577 /* Convos.app */ = {isa = PBXFileReference; explicitFileType = wrapper.application; includeInIndex = 0; path = Convos.app; sourceTree = BUILT_PRODUCTS_DIR; };
/* End PBXFileReference section */

/* Begin PBXFileSystemSynchronizedBuildFileExceptionSet section */
		D8A2B6A32DA4BA4C00EF8577 /* Exceptions for "Convos" folder in "Convos" target */ = {
			isa = PBXFileSystemSynchronizedBuildFileExceptionSet;
			membershipExceptions = (
				Info.plist,
			);
			target = D8A2B6902DA4BA4B00EF8577 /* Convos */;
		};
/* End PBXFileSystemSynchronizedBuildFileExceptionSet section */

/* Begin PBXFileSystemSynchronizedRootGroup section */
		D83A7ABA2DA5C98400879441 /* Config */ = {
			isa = PBXFileSystemSynchronizedRootGroup;
			path = Config;
			sourceTree = "<group>";
		};
		D8A2B6932DA4BA4B00EF8577 /* Convos */ = {
			isa = PBXFileSystemSynchronizedRootGroup;
			exceptions = (
				D8A2B6A32DA4BA4C00EF8577 /* Exceptions for "Convos" folder in "Convos" target */,
			);
			path = Convos;
			sourceTree = "<group>";
		};
/* End PBXFileSystemSynchronizedRootGroup section */

/* Begin PBXFrameworksBuildPhase section */
		D8A2B68E2DA4BA4B00EF8577 /* Frameworks */ = {
			isa = PBXFrameworksBuildPhase;
			buildActionMask = 2147483647;
			files = (
				D834386F2DB19D8C00A50F45 /* Factory in Frameworks */,
				D8A2B6BB2DA4BBA400EF8577 /* AnchorKit in Frameworks */,
				D8A2B6CB2DA4D5A500EF8577 /* Privy in Frameworks */,
				D80BAAC22DB2C36500C2FB42 /* Sentry in Frameworks */,
			);
			runOnlyForDeploymentPostprocessing = 0;
		};
/* End PBXFrameworksBuildPhase section */

/* Begin PBXGroup section */
		D8A2B6882DA4BA4B00EF8577 = {
			isa = PBXGroup;
			children = (
				D83A7ABA2DA5C98400879441 /* Config */,
				D8A2B6932DA4BA4B00EF8577 /* Convos */,
				D8A2B6922DA4BA4B00EF8577 /* Products */,
			);
			sourceTree = "<group>";
		};
		D8A2B6922DA4BA4B00EF8577 /* Products */ = {
			isa = PBXGroup;
			children = (
				D8A2B6912DA4BA4B00EF8577 /* Convos.app */,
			);
			name = Products;
			sourceTree = "<group>";
		};
/* End PBXGroup section */

/* Begin PBXNativeTarget section */
		D8A2B6902DA4BA4B00EF8577 /* Convos */ = {
			isa = PBXNativeTarget;
			buildConfigurationList = D8A2B6A42DA4BA4C00EF8577 /* Build configuration list for PBXNativeTarget "Convos" */;
			buildPhases = (
				D8A2B68D2DA4BA4B00EF8577 /* Sources */,
				D8A2B68E2DA4BA4B00EF8577 /* Frameworks */,
				D8A2B68F2DA4BA4B00EF8577 /* Resources */,
			);
			buildRules = (
			);
			dependencies = (
				D82C77932DB2FEE3004EA1C7 /* PBXTargetDependency */,
			);
			fileSystemSynchronizedGroups = (
				D83A7ABA2DA5C98400879441 /* Config */,
				D8A2B6932DA4BA4B00EF8577 /* Convos */,
			);
			name = Convos;
			packageProductDependencies = (
				D8A2B6BA2DA4BBA400EF8577 /* AnchorKit */,
				D8A2B6CA2DA4D5A500EF8577 /* Privy */,
				D834386E2DB19D8C00A50F45 /* Factory */,
				D80BAAC12DB2C36500C2FB42 /* Sentry */,
			);
			productName = Convos;
			productReference = D8A2B6912DA4BA4B00EF8577 /* Convos.app */;
			productType = "com.apple.product-type.application";
		};
/* End PBXNativeTarget section */

/* Begin PBXProject section */
		D8A2B6892DA4BA4B00EF8577 /* Project object */ = {
			isa = PBXProject;
			attributes = {
				BuildIndependentTargetsInParallel = 1;
				LastSwiftUpdateCheck = 1620;
				LastUpgradeCheck = 1620;
				TargetAttributes = {
					D8A2B6902DA4BA4B00EF8577 = {
						CreatedOnToolsVersion = 16.2;
					};
				};
			};
			buildConfigurationList = D8A2B68C2DA4BA4B00EF8577 /* Build configuration list for PBXProject "Convos" */;
			developmentRegion = en;
			hasScannedForEncodings = 0;
			knownRegions = (
				en,
				Base,
			);
			mainGroup = D8A2B6882DA4BA4B00EF8577;
			minimizedProjectReferenceProxies = 1;
			packageReferences = (
				D8A2B6B92DA4BBA400EF8577 /* XCRemoteSwiftPackageReference "AnchorKit" */,
				D8A2B6C92DA4D5A500EF8577 /* XCRemoteSwiftPackageReference "privy-ios" */,
				D834386D2DB19D8C00A50F45 /* XCRemoteSwiftPackageReference "Factory" */,
				D80BAAC02DB2C36500C2FB42 /* XCRemoteSwiftPackageReference "sentry-cocoa" */,
				D80BAEE72DB2F1CD00C2FB42 /* XCRemoteSwiftPackageReference "SwiftLintPlugins" */,
			);
			preferredProjectObjectVersion = 77;
			productRefGroup = D8A2B6922DA4BA4B00EF8577 /* Products */;
			projectDirPath = "";
			projectRoot = "";
			targets = (
				D8A2B6902DA4BA4B00EF8577 /* Convos */,
			);
		};
/* End PBXProject section */

/* Begin PBXResourcesBuildPhase section */
		D8A2B68F2DA4BA4B00EF8577 /* Resources */ = {
			isa = PBXResourcesBuildPhase;
			buildActionMask = 2147483647;
			files = (
			);
			runOnlyForDeploymentPostprocessing = 0;
		};
/* End PBXResourcesBuildPhase section */

/* Begin PBXSourcesBuildPhase section */
		D8A2B68D2DA4BA4B00EF8577 /* Sources */ = {
			isa = PBXSourcesBuildPhase;
			buildActionMask = 2147483647;
			files = (
			);
			runOnlyForDeploymentPostprocessing = 0;
		};
/* End PBXSourcesBuildPhase section */

/* Begin PBXTargetDependency section */
		D82C77932DB2FEE3004EA1C7 /* PBXTargetDependency */ = {
			isa = PBXTargetDependency;
			productRef = D82C77922DB2FEE3004EA1C7 /* SwiftLintBuildToolPlugin */;
		};
/* End PBXTargetDependency section */

/* Begin XCBuildConfiguration section */
		D8A2B6A52DA4BA4C00EF8577 /* Debug */ = {
			isa = XCBuildConfiguration;
			buildSettings = {
				ASSETCATALOG_COMPILER_APPICON_NAME = AppIcon;
				ASSETCATALOG_COMPILER_GLOBAL_ACCENT_COLOR_NAME = AccentColor;
				CODE_SIGN_STYLE = Automatic;
				CURRENT_PROJECT_VERSION = 1;
				DEVELOPMENT_TEAM = FY4NZR34Z3;
				GENERATE_INFOPLIST_FILE = YES;
				INFOPLIST_FILE = Convos/Info.plist;
				INFOPLIST_KEY_UIApplicationSupportsIndirectInputEvents = YES;
				INFOPLIST_KEY_UILaunchStoryboardName = LaunchScreen;
				INFOPLIST_KEY_UISupportedInterfaceOrientations_iPad = "UIInterfaceOrientationPortrait UIInterfaceOrientationPortraitUpsideDown UIInterfaceOrientationLandscapeLeft UIInterfaceOrientationLandscapeRight";
				INFOPLIST_KEY_UISupportedInterfaceOrientations_iPhone = "UIInterfaceOrientationPortrait UIInterfaceOrientationLandscapeLeft UIInterfaceOrientationLandscapeRight";
				LD_RUNPATH_SEARCH_PATHS = (
					"$(inherited)",
					"@executable_path/Frameworks",
				);
				MARKETING_VERSION = 1.0;
				PRODUCT_BUNDLE_IDENTIFIER = org.convos.ios;
				PRODUCT_NAME = "$(TARGET_NAME)";
				SWIFT_EMIT_LOC_STRINGS = YES;
				SWIFT_VERSION = 5.0;
				TARGETED_DEVICE_FAMILY = "1,2";
			};
			name = Debug;
		};
		D8A2B6A62DA4BA4C00EF8577 /* Release */ = {
			isa = XCBuildConfiguration;
			buildSettings = {
				ASSETCATALOG_COMPILER_APPICON_NAME = AppIcon;
				ASSETCATALOG_COMPILER_GLOBAL_ACCENT_COLOR_NAME = AccentColor;
				CODE_SIGN_STYLE = Automatic;
				CURRENT_PROJECT_VERSION = 1;
				DEVELOPMENT_TEAM = FY4NZR34Z3;
				GENERATE_INFOPLIST_FILE = YES;
				INFOPLIST_FILE = Convos/Info.plist;
				INFOPLIST_KEY_UIApplicationSupportsIndirectInputEvents = YES;
				INFOPLIST_KEY_UILaunchStoryboardName = LaunchScreen;
				INFOPLIST_KEY_UISupportedInterfaceOrientations_iPad = "UIInterfaceOrientationPortrait UIInterfaceOrientationPortraitUpsideDown UIInterfaceOrientationLandscapeLeft UIInterfaceOrientationLandscapeRight";
				INFOPLIST_KEY_UISupportedInterfaceOrientations_iPhone = "UIInterfaceOrientationPortrait UIInterfaceOrientationLandscapeLeft UIInterfaceOrientationLandscapeRight";
				LD_RUNPATH_SEARCH_PATHS = (
					"$(inherited)",
					"@executable_path/Frameworks",
				);
				MARKETING_VERSION = 1.0;
				PRODUCT_BUNDLE_IDENTIFIER = org.convos.ios;
				PRODUCT_NAME = "$(TARGET_NAME)";
				SWIFT_EMIT_LOC_STRINGS = YES;
				SWIFT_VERSION = 5.0;
				TARGETED_DEVICE_FAMILY = "1,2";
			};
			name = Release;
		};
		D8A2B6A72DA4BA4C00EF8577 /* Debug */ = {
			isa = XCBuildConfiguration;
			buildSettings = {
				ALWAYS_SEARCH_USER_PATHS = NO;
				ASSETCATALOG_COMPILER_GENERATE_SWIFT_ASSET_SYMBOL_EXTENSIONS = YES;
				CLANG_ANALYZER_NONNULL = YES;
				CLANG_ANALYZER_NUMBER_OBJECT_CONVERSION = YES_AGGRESSIVE;
				CLANG_CXX_LANGUAGE_STANDARD = "gnu++20";
				CLANG_ENABLE_MODULES = YES;
				CLANG_ENABLE_OBJC_ARC = YES;
				CLANG_ENABLE_OBJC_WEAK = YES;
				CLANG_WARN_BLOCK_CAPTURE_AUTORELEASING = YES;
				CLANG_WARN_BOOL_CONVERSION = YES;
				CLANG_WARN_COMMA = YES;
				CLANG_WARN_CONSTANT_CONVERSION = YES;
				CLANG_WARN_DEPRECATED_OBJC_IMPLEMENTATIONS = YES;
				CLANG_WARN_DIRECT_OBJC_ISA_USAGE = YES_ERROR;
				CLANG_WARN_DOCUMENTATION_COMMENTS = YES;
				CLANG_WARN_EMPTY_BODY = YES;
				CLANG_WARN_ENUM_CONVERSION = YES;
				CLANG_WARN_INFINITE_RECURSION = YES;
				CLANG_WARN_INT_CONVERSION = YES;
				CLANG_WARN_NON_LITERAL_NULL_CONVERSION = YES;
				CLANG_WARN_OBJC_IMPLICIT_RETAIN_SELF = YES;
				CLANG_WARN_OBJC_LITERAL_CONVERSION = YES;
				CLANG_WARN_OBJC_ROOT_CLASS = YES_ERROR;
				CLANG_WARN_QUOTED_INCLUDE_IN_FRAMEWORK_HEADER = YES;
				CLANG_WARN_RANGE_LOOP_ANALYSIS = YES;
				CLANG_WARN_STRICT_PROTOTYPES = YES;
				CLANG_WARN_SUSPICIOUS_MOVE = YES;
				CLANG_WARN_UNGUARDED_AVAILABILITY = YES_AGGRESSIVE;
				CLANG_WARN_UNREACHABLE_CODE = YES;
				CLANG_WARN__DUPLICATE_METHOD_MATCH = YES;
				COPY_PHASE_STRIP = NO;
				DEBUG_INFORMATION_FORMAT = dwarf;
				ENABLE_STRICT_OBJC_MSGSEND = YES;
				ENABLE_TESTABILITY = YES;
				ENABLE_USER_SCRIPT_SANDBOXING = YES;
				GCC_C_LANGUAGE_STANDARD = gnu17;
				GCC_DYNAMIC_NO_PIC = NO;
				GCC_NO_COMMON_BLOCKS = YES;
				GCC_OPTIMIZATION_LEVEL = 0;
				GCC_PREPROCESSOR_DEFINITIONS = (
					"DEBUG=1",
					"$(inherited)",
				);
				GCC_WARN_64_TO_32_BIT_CONVERSION = YES;
				GCC_WARN_ABOUT_RETURN_TYPE = YES_ERROR;
				GCC_WARN_UNDECLARED_SELECTOR = YES;
				GCC_WARN_UNINITIALIZED_AUTOS = YES_AGGRESSIVE;
				GCC_WARN_UNUSED_FUNCTION = YES;
				GCC_WARN_UNUSED_VARIABLE = YES;
				IPHONEOS_DEPLOYMENT_TARGET = 18.2;
				LOCALIZATION_PREFERS_STRING_CATALOGS = YES;
				MTL_ENABLE_DEBUG_INFO = INCLUDE_SOURCE;
				MTL_FAST_MATH = YES;
				ONLY_ACTIVE_ARCH = YES;
				SDKROOT = iphoneos;
				SWIFT_ACTIVE_COMPILATION_CONDITIONS = "DEBUG $(inherited)";
				SWIFT_OPTIMIZATION_LEVEL = "-Onone";
			};
			name = Debug;
		};
		D8A2B6A82DA4BA4C00EF8577 /* Release */ = {
			isa = XCBuildConfiguration;
			buildSettings = {
				ALWAYS_SEARCH_USER_PATHS = NO;
				ASSETCATALOG_COMPILER_GENERATE_SWIFT_ASSET_SYMBOL_EXTENSIONS = YES;
				CLANG_ANALYZER_NONNULL = YES;
				CLANG_ANALYZER_NUMBER_OBJECT_CONVERSION = YES_AGGRESSIVE;
				CLANG_CXX_LANGUAGE_STANDARD = "gnu++20";
				CLANG_ENABLE_MODULES = YES;
				CLANG_ENABLE_OBJC_ARC = YES;
				CLANG_ENABLE_OBJC_WEAK = YES;
				CLANG_WARN_BLOCK_CAPTURE_AUTORELEASING = YES;
				CLANG_WARN_BOOL_CONVERSION = YES;
				CLANG_WARN_COMMA = YES;
				CLANG_WARN_CONSTANT_CONVERSION = YES;
				CLANG_WARN_DEPRECATED_OBJC_IMPLEMENTATIONS = YES;
				CLANG_WARN_DIRECT_OBJC_ISA_USAGE = YES_ERROR;
				CLANG_WARN_DOCUMENTATION_COMMENTS = YES;
				CLANG_WARN_EMPTY_BODY = YES;
				CLANG_WARN_ENUM_CONVERSION = YES;
				CLANG_WARN_INFINITE_RECURSION = YES;
				CLANG_WARN_INT_CONVERSION = YES;
				CLANG_WARN_NON_LITERAL_NULL_CONVERSION = YES;
				CLANG_WARN_OBJC_IMPLICIT_RETAIN_SELF = YES;
				CLANG_WARN_OBJC_LITERAL_CONVERSION = YES;
				CLANG_WARN_OBJC_ROOT_CLASS = YES_ERROR;
				CLANG_WARN_QUOTED_INCLUDE_IN_FRAMEWORK_HEADER = YES;
				CLANG_WARN_RANGE_LOOP_ANALYSIS = YES;
				CLANG_WARN_STRICT_PROTOTYPES = YES;
				CLANG_WARN_SUSPICIOUS_MOVE = YES;
				CLANG_WARN_UNGUARDED_AVAILABILITY = YES_AGGRESSIVE;
				CLANG_WARN_UNREACHABLE_CODE = YES;
				CLANG_WARN__DUPLICATE_METHOD_MATCH = YES;
				COPY_PHASE_STRIP = NO;
				DEBUG_INFORMATION_FORMAT = "dwarf-with-dsym";
				ENABLE_NS_ASSERTIONS = NO;
				ENABLE_STRICT_OBJC_MSGSEND = YES;
				ENABLE_USER_SCRIPT_SANDBOXING = YES;
				GCC_C_LANGUAGE_STANDARD = gnu17;
				GCC_NO_COMMON_BLOCKS = YES;
				GCC_WARN_64_TO_32_BIT_CONVERSION = YES;
				GCC_WARN_ABOUT_RETURN_TYPE = YES_ERROR;
				GCC_WARN_UNDECLARED_SELECTOR = YES;
				GCC_WARN_UNINITIALIZED_AUTOS = YES_AGGRESSIVE;
				GCC_WARN_UNUSED_FUNCTION = YES;
				GCC_WARN_UNUSED_VARIABLE = YES;
				IPHONEOS_DEPLOYMENT_TARGET = 18.2;
				LOCALIZATION_PREFERS_STRING_CATALOGS = YES;
				MTL_ENABLE_DEBUG_INFO = NO;
				MTL_FAST_MATH = YES;
				SDKROOT = iphoneos;
				SWIFT_COMPILATION_MODE = wholemodule;
				VALIDATE_PRODUCT = YES;
			};
			name = Release;
		};
/* End XCBuildConfiguration section */

/* Begin XCConfigurationList section */
		D8A2B68C2DA4BA4B00EF8577 /* Build configuration list for PBXProject "Convos" */ = {
			isa = XCConfigurationList;
			buildConfigurations = (
				D8A2B6A72DA4BA4C00EF8577 /* Debug */,
				D8A2B6A82DA4BA4C00EF8577 /* Release */,
			);
			defaultConfigurationIsVisible = 0;
			defaultConfigurationName = Release;
		};
		D8A2B6A42DA4BA4C00EF8577 /* Build configuration list for PBXNativeTarget "Convos" */ = {
			isa = XCConfigurationList;
			buildConfigurations = (
				D8A2B6A52DA4BA4C00EF8577 /* Debug */,
				D8A2B6A62DA4BA4C00EF8577 /* Release */,
			);
			defaultConfigurationIsVisible = 0;
			defaultConfigurationName = Release;
		};
/* End XCConfigurationList section */

/* Begin XCRemoteSwiftPackageReference section */
		D80BAAC02DB2C36500C2FB42 /* XCRemoteSwiftPackageReference "sentry-cocoa" */ = {
			isa = XCRemoteSwiftPackageReference;
			repositoryURL = "https://github.com/getsentry/sentry-cocoa";
			requirement = {
				kind = upToNextMajorVersion;
				minimumVersion = 8.49.0;
			};
		};
		D80BAEE72DB2F1CD00C2FB42 /* XCRemoteSwiftPackageReference "SwiftLintPlugins" */ = {
			isa = XCRemoteSwiftPackageReference;
			repositoryURL = "https://github.com/SimplyDanny/SwiftLintPlugins";
			requirement = {
				kind = upToNextMajorVersion;
				minimumVersion = 0.59.1;
			};
		};
		D834386D2DB19D8C00A50F45 /* XCRemoteSwiftPackageReference "Factory" */ = {
			isa = XCRemoteSwiftPackageReference;
			repositoryURL = "https://github.com/hmlongco/Factory";
			requirement = {
				kind = upToNextMajorVersion;
				minimumVersion = 2.4.3;
			};
		};
		D8A2B6B92DA4BBA400EF8577 /* XCRemoteSwiftPackageReference "AnchorKit" */ = {
			isa = XCRemoteSwiftPackageReference;
			repositoryURL = "https://github.com/Weebly/AnchorKit.git";
			requirement = {
				kind = upToNextMajorVersion;
				minimumVersion = 3.0.3;
			};
		};
		D8A2B6C92DA4D5A500EF8577 /* XCRemoteSwiftPackageReference "privy-ios" */ = {
			isa = XCRemoteSwiftPackageReference;
			repositoryURL = "https://github.com/privy-io/privy-ios";
			requirement = {
				kind = revision;
				revision = 2623d1c97e8990d7164d7b858d0dbfd68876f4f4;
			};
		};
/* End XCRemoteSwiftPackageReference section */

/* Begin XCSwiftPackageProductDependency section */
		D80BAAC12DB2C36500C2FB42 /* Sentry */ = {
			isa = XCSwiftPackageProductDependency;
			package = D80BAAC02DB2C36500C2FB42 /* XCRemoteSwiftPackageReference "sentry-cocoa" */;
			productName = Sentry;
		};
		D82C77922DB2FEE3004EA1C7 /* SwiftLintBuildToolPlugin */ = {
			isa = XCSwiftPackageProductDependency;
			package = D80BAEE72DB2F1CD00C2FB42 /* XCRemoteSwiftPackageReference "SwiftLintPlugins" */;
			productName = "plugin:SwiftLintBuildToolPlugin";
		};
		D834386E2DB19D8C00A50F45 /* Factory */ = {
			isa = XCSwiftPackageProductDependency;
			package = D834386D2DB19D8C00A50F45 /* XCRemoteSwiftPackageReference "Factory" */;
			productName = Factory;
		};
		D8A2B6BA2DA4BBA400EF8577 /* AnchorKit */ = {
			isa = XCSwiftPackageProductDependency;
			package = D8A2B6B92DA4BBA400EF8577 /* XCRemoteSwiftPackageReference "AnchorKit" */;
			productName = AnchorKit;
		};
		D8A2B6CA2DA4D5A500EF8577 /* Privy */ = {
			isa = XCSwiftPackageProductDependency;
			package = D8A2B6C92DA4D5A500EF8577 /* XCRemoteSwiftPackageReference "privy-ios" */;
			productName = Privy;
		};
/* End XCSwiftPackageProductDependency section */
	};
	rootObject = D8A2B6892DA4BA4B00EF8577 /* Project object */;
}
