// !$*UTF8*$!
{
	archiveVersion = 1;
	classes = {
	};
	objectVersion = 77;
	objects = {

/* Begin PBXBuildFile section */
		7A1C3C752DB6F7AD00B723C0 /* PostHog in Frameworks */ = {isa = PBXBuildFile; productRef = 7A1C3C742DB6F7AD00B723C0 /* PostHog */; };
		7A349B6E2DD6FF5400E526A3 /* GRDB-dynamic in Frameworks */ = {isa = PBXBuildFile; productRef = 7A349B6D2DD6FF5400E526A3 /* GRDB-dynamic */; };
		7A349CA62DD7017B00E526A3 /* GRDB-dynamic in Embed Frameworks */ = {isa = PBXBuildFile; productRef = 7A349B6D2DD6FF5400E526A3 /* GRDB-dynamic */; settings = {ATTRIBUTES = (CodeSignOnCopy, ); }; };
		7A5200F82DF0EF0800D2C55D /* TurnkeyPasskeys in Frameworks */ = {isa = PBXBuildFile; productRef = 7A5200F72DF0EF0800D2C55D /* TurnkeyPasskeys */; };
		7A5200FA2DF0EF0800D2C55D /* TurnkeyStamper in Frameworks */ = {isa = PBXBuildFile; productRef = 7A5200F92DF0EF0800D2C55D /* TurnkeyStamper */; };
		7A5200FC2DF0EF0800D2C55D /* TurnkeySwift in Frameworks */ = {isa = PBXBuildFile; productRef = 7A5200FB2DF0EF0800D2C55D /* TurnkeySwift */; };
		7A5201372DF0EFBC00D2C55D /* TurnkeyCrypto in Frameworks */ = {isa = PBXBuildFile; productRef = 7A5201362DF0EFBC00D2C55D /* TurnkeyCrypto */; };
		7A5201392DF0F1E600D2C55D /* TurnkeyHttp in Frameworks */ = {isa = PBXBuildFile; productRef = 7A5201382DF0F1E600D2C55D /* TurnkeyHttp */; };
		7ACA83B22DDD19B200848799 /* OrderedCollections in Frameworks */ = {isa = PBXBuildFile; productRef = 7ACA83B12DDD19B200848799 /* OrderedCollections */; };
		7ACA8BC82DE17FF800848799 /* GRDB-dynamic in Frameworks */ = {isa = PBXBuildFile; productRef = 7ACA8BC72DE17FF800848799 /* GRDB-dynamic */; };
		7ACA8BCC2DE1800500848799 /* XMTPiOS in Frameworks */ = {isa = PBXBuildFile; productRef = 7ACA8BCB2DE1800500848799 /* XMTPiOS */; };
		7ACA8BCD2DE1806900848799 /* GRDB-dynamic in Embed Frameworks */ = {isa = PBXBuildFile; productRef = 7ACA8BC72DE17FF800848799 /* GRDB-dynamic */; settings = {ATTRIBUTES = (CodeSignOnCopy, ); }; };
		7ADC0C902E2977820053978A /* ConvosAppClip.app in Embed App Clips */ = {isa = PBXBuildFile; fileRef = 7ADC0C6E2E2977800053978A /* ConvosAppClip.app */; settings = {ATTRIBUTES = (RemoveHeadersOnCopy, ); }; };
		D8084BA92DC9193A00E708B0 /* DifferenceKit in Frameworks */ = {isa = PBXBuildFile; productRef = D8084BA82DC9193A00E708B0 /* DifferenceKit */; };
		D808503C2DC94F4C00E708B0 /* NotificationService.appex in Embed Foundation Extensions */ = {isa = PBXBuildFile; fileRef = D80850342DC94F4C00E708B0 /* NotificationService.appex */; settings = {ATTRIBUTES = (RemoveHeadersOnCopy, ); }; };
		D80BAAC22DB2C36500C2FB42 /* Sentry in Frameworks */ = {isa = PBXBuildFile; productRef = D80BAAC12DB2C36500C2FB42 /* Sentry */; };
		D85B9B9F2DD26BC400831D58 /* (null) in Embed Frameworks */ = {isa = PBXBuildFile; settings = {ATTRIBUTES = (CodeSignOnCopy, ); }; };
		D8B5A9042DC272BD006003A4 /* XMTPiOS in Frameworks */ = {isa = PBXBuildFile; productRef = D8B5A9032DC272BD006003A4 /* XMTPiOS */; };
/* End PBXBuildFile section */

/* Begin PBXContainerItemProxy section */
		7ACA8BA72DE16DE200848799 /* PBXContainerItemProxy */ = {
			isa = PBXContainerItemProxy;
			containerPortal = D8A2B6892DA4BA4B00EF8577 /* Project object */;
			proxyType = 1;
			remoteGlobalIDString = D8A2B6902DA4BA4B00EF8577;
			remoteInfo = Convos;
		};
		7ADC0C7D2E2977810053978A /* PBXContainerItemProxy */ = {
			isa = PBXContainerItemProxy;
			containerPortal = D8A2B6892DA4BA4B00EF8577 /* Project object */;
			proxyType = 1;
			remoteGlobalIDString = 7ADC0C6D2E2977800053978A;
			remoteInfo = ConvosAppClip;
		};
		7ADC0C872E2977810053978A /* PBXContainerItemProxy */ = {
			isa = PBXContainerItemProxy;
			containerPortal = D8A2B6892DA4BA4B00EF8577 /* Project object */;
			proxyType = 1;
			remoteGlobalIDString = 7ADC0C6D2E2977800053978A;
			remoteInfo = ConvosAppClip;
		};
		7ADC0C8E2E2977820053978A /* PBXContainerItemProxy */ = {
			isa = PBXContainerItemProxy;
			containerPortal = D8A2B6892DA4BA4B00EF8577 /* Project object */;
			proxyType = 1;
			remoteGlobalIDString = 7ADC0C6D2E2977800053978A;
			remoteInfo = ConvosAppClip;
		};
		D80850392DC94F4C00E708B0 /* PBXContainerItemProxy */ = {
			isa = PBXContainerItemProxy;
			containerPortal = D8A2B6892DA4BA4B00EF8577 /* Project object */;
			proxyType = 1;
			remoteGlobalIDString = D80850332DC94F4C00E708B0;
			remoteInfo = NotificationService;
		};
/* End PBXContainerItemProxy section */

/* Begin PBXCopyFilesBuildPhase section */
		7ACA8BCA2DE17FF800848799 /* Embed Frameworks */ = {
			isa = PBXCopyFilesBuildPhase;
			buildActionMask = 2147483647;
			dstPath = "";
			dstSubfolderSpec = 10;
			files = (
				7ACA8BCD2DE1806900848799 /* GRDB-dynamic in Embed Frameworks */,
			);
			name = "Embed Frameworks";
			runOnlyForDeploymentPostprocessing = 0;
		};
		7ADC0C632E2976210053978A /* Embed App Clips */ = {
			isa = PBXCopyFilesBuildPhase;
			buildActionMask = 2147483647;
			dstPath = "$(CONTENTS_FOLDER_PATH)/AppClips";
			dstSubfolderSpec = 16;
			files = (
				7ADC0C902E2977820053978A /* ConvosAppClip.app in Embed App Clips */,
			);
			name = "Embed App Clips";
			runOnlyForDeploymentPostprocessing = 0;
		};
		D808503B2DC94F4C00E708B0 /* Embed Foundation Extensions */ = {
			isa = PBXCopyFilesBuildPhase;
			buildActionMask = 2147483647;
			dstPath = "";
			dstSubfolderSpec = 13;
			files = (
				D808503C2DC94F4C00E708B0 /* NotificationService.appex in Embed Foundation Extensions */,
			);
			name = "Embed Foundation Extensions";
			runOnlyForDeploymentPostprocessing = 0;
		};
		D80850472DC94FF300E708B0 /* Embed Frameworks */ = {
			isa = PBXCopyFilesBuildPhase;
			buildActionMask = 2147483647;
			dstPath = "";
			dstSubfolderSpec = 10;
			files = (
			);
			name = "Embed Frameworks";
			runOnlyForDeploymentPostprocessing = 0;
		};
		D85B9BA02DD26BC400831D58 /* Embed Frameworks */ = {
			isa = PBXCopyFilesBuildPhase;
			buildActionMask = 2147483647;
			dstPath = "";
			dstSubfolderSpec = 10;
			files = (
				D85B9B9F2DD26BC400831D58 /* (null) in Embed Frameworks */,
				7A349CA62DD7017B00E526A3 /* GRDB-dynamic in Embed Frameworks */,
			);
			name = "Embed Frameworks";
			runOnlyForDeploymentPostprocessing = 0;
		};
/* End PBXCopyFilesBuildPhase section */

/* Begin PBXFileReference section */
		7A1C3C512DB6F75000B723C0 /* Convos.xcodeproj */ = {isa = PBXFileReference; lastKnownFileType = "wrapper.pb-project"; path = Convos.xcodeproj; sourceTree = "<group>"; };
		7A7BB1322DB6FF8E009B8BBF /* Convos.xcodeproj */ = {isa = PBXFileReference; lastKnownFileType = "wrapper.pb-project"; path = Convos.xcodeproj; sourceTree = "<group>"; };
		7ACA8BA32DE16DE200848799 /* ConvosTests.xctest */ = {isa = PBXFileReference; explicitFileType = wrapper.cfbundle; includeInIndex = 0; path = ConvosTests.xctest; sourceTree = BUILT_PRODUCTS_DIR; };
		7ADC0C6E2E2977800053978A /* ConvosAppClip.app */ = {isa = PBXFileReference; explicitFileType = wrapper.application; includeInIndex = 0; path = ConvosAppClip.app; sourceTree = BUILT_PRODUCTS_DIR; };
		7ADC0C7C2E2977810053978A /* ConvosAppClipTests.xctest */ = {isa = PBXFileReference; explicitFileType = wrapper.cfbundle; includeInIndex = 0; path = ConvosAppClipTests.xctest; sourceTree = BUILT_PRODUCTS_DIR; };
		7ADC0C862E2977810053978A /* ConvosAppClipUITests.xctest */ = {isa = PBXFileReference; explicitFileType = wrapper.cfbundle; includeInIndex = 0; path = ConvosAppClipUITests.xctest; sourceTree = BUILT_PRODUCTS_DIR; };
		D80850342DC94F4C00E708B0 /* NotificationService.appex */ = {isa = PBXFileReference; explicitFileType = "wrapper.app-extension"; includeInIndex = 0; path = NotificationService.appex; sourceTree = BUILT_PRODUCTS_DIR; };
		D8477AD42DCBA52F00E31E54 /* .env */ = {isa = PBXFileReference; lastKnownFileType = text; path = .env; sourceTree = "<group>"; };
		D8477AD52DCBA52F00E31E54 /* .env.example */ = {isa = PBXFileReference; lastKnownFileType = text; path = .env.example; sourceTree = "<group>"; };
		D8A2B6912DA4BA4B00EF8577 /* Convos.app */ = {isa = PBXFileReference; explicitFileType = wrapper.application; includeInIndex = 0; path = Convos.app; sourceTree = BUILT_PRODUCTS_DIR; };
/* End PBXFileReference section */

/* Begin PBXFileSystemSynchronizedBuildFileExceptionSet section */
		7ACA8BD52DE180B800848799 /* Exceptions for "Convos" folder in "ConvosTests" target */ = {
			isa = PBXFileSystemSynchronizedBuildFileExceptionSet;
			membershipExceptions = (
				"_Archive/Convos Client/Auth/Migrations/ReactNativeMigration.swift",
				"_Archive/Convos Client/Auth/Turnkey/TurnkeyDatabaseKeyStore.swift",
				"_Archive/Utilities/EthereumAddress+Validation.swift",
				Config/Secrets.swift,
				Core/API/ConvosAPIClient.swift,
				"Core/API/ConvosAPIClient+Models.swift",
				Core/API/MockAPIClient.swift,
				Core/AppEnvironment.swift,
				Core/Auth/AuthAccountServiceProtocol.swift,
				Core/Auth/AuthServiceProtocol.swift,
				Core/Auth/KeychainService.swift,
				Core/Auth/MockAuthService.swift,
				"Core/Auth/Secure Enclave/SecureEnclaveAuthService.swift",
				"Core/Auth/Secure Enclave/SecureEnclaveIdentityStore.swift",
				Core/ConvosClient.swift,
				Core/Inboxes/AuthorizeInboxOperation.swift,
				Core/Inboxes/InboxStateMachine.swift,
				Core/Inboxes/MockInboxesService.swift,
				Core/Messaging/MessagingService.swift,
				Core/Messaging/MessagingServiceProtocol.swift,
				Core/Messaging/MockMessagingService.swift,
				Core/Messaging/XMTPClientProvider.swift,
				"Core/Mock Data Helpers/TextGenerator.swift",
				Core/Sessions/SessionManager.swift,
				Core/Sessions/SessionManagerProtocol.swift,
				Core/Shared/ConvosKeychainItem.swift,
				"Core/Shared/Data+Hex.swift",
				"Core/Shared/Data+JsonString.swift",
				Core/Storage/DatabaseManager.swift,
				"Core/Storage/Dependency Bundles/ConversationComposer.swift",
				"Core/Storage/Hydration/DBConversationDetails+Conversation.swift",
				"Core/Storage/Hydration/DBInboxDetails+Inbox.swift",
				"Core/Storage/Hydration/DBInvite+Invite.swift",
				"Core/Storage/Hydration/DBMessage+MessagePreview.swift",
				"Core/Storage/Hydration/DBProfile+Profile.swift",
				Core/Storage/MockDatabaseManager.swift,
				Core/Storage/Models/Conversation.swift,
				"Core/Storage/Models/Database+CurrentSession.swift",
				Core/Storage/Models/Identity.swift,
				Core/Storage/Models/Inbox.swift,
				Core/Storage/Models/Member.swift,
				Core/Storage/Models/Message.swift,
				Core/Storage/Models/Profile.swift,
				Core/Storage/Models/Session.swift,
				Core/Storage/Repositories/ConversationRepository.swift,
				Core/Storage/Repositories/ConversationsCountRepository.swift,
				Core/Storage/Repositories/ConversationsRepository.swift,
				Core/Storage/Repositories/CurrentSessionRepository.swift,
				"Core/Storage/Repositories/DB XMTP Representations/Consent+ConsentState.swift",
				Core/Storage/Repositories/DraftConversationRepository.swift,
				Core/Storage/Repositories/GroupPermissionsRepository.swift,
				Core/Storage/Repositories/InboxesRepository.swift,
				Core/Storage/Repositories/MessagesRepository.swift,
				Core/Storage/Repositories/Mocks/MockConversationConsentWriter.swift,
				Core/Storage/Repositories/Mocks/MockConversationRepository.swift,
				Core/Storage/Repositories/Mocks/MockConversationsRepository.swift,
				Core/Storage/Repositories/Mocks/MockDraftConversationWriter.swift,
				Core/Storage/Repositories/Mocks/MockInboxesRepository.swift,
				Core/Storage/Repositories/Mocks/MockMessagesRepository.swift,
				Core/Storage/Repositories/Mocks/MockMyProfileWriter.swift,
				Core/Storage/Repositories/Mocks/MockOutgoingMessageWriter.swift,
				Core/Storage/Repositories/Mocks/MockProfileSearchRepository.swift,
				Core/Storage/Repositories/Mocks/MockSyncingManager.swift,
				Core/Storage/Repositories/Mocks/MockUserRepository.swift,
				Core/Storage/Repositories/MyProfileRepository.swift,
				Core/Storage/Repositories/ProfileSearchRepository.swift,
				Core/Storage/SharedDatabaseMigrator.swift,
				Core/Storage/States/DraftConversationState.swift,
				Core/Storage/Writers/ConversationConsentWriter.swift,
				Core/Storage/Writers/ConversationLocalStateWriter.swift,
				Core/Storage/Writers/ConversationWriter.swift,
				Core/Storage/Writers/DraftConversationWriter.swift,
				Core/Storage/Writers/GroupMetadataWriter.swift,
				Core/Storage/Writers/InboxWriter.swift,
				Core/Storage/Writers/IncomingMessageWriter.swift,
				Core/Storage/Writers/InviteWriter.swift,
				Core/Storage/Writers/MemberProfileWriter.swift,
				Core/Storage/Writers/MyProfileWriter.swift,
				Core/Storage/Writers/OutgoingMessageWriter.swift,
				"Core/Storage/XMTP DB Representations/DecodedMessage+DBRepresentation.swift",
				"Core/Storage/XMTP DB Representations/MessageDeliveryStatus+DBRepresentation.swift",
				"Core/Storage/XMTP DB Representations/Reaction+DBRepresentation.swift",
				Core/Syncing/InviteJoinRequestsManager.swift,
				Core/Syncing/SyncingManager.swift,
				Logging/Logger.swift,
				"Utilities & Extensions/Combine+Extensions.swift",
			);
			target = 7ACA8BA22DE16DE200848799 /* ConvosTests */;
		};
		7ADC0C942E2977820053978A /* Exceptions for "ConvosAppClip" folder in "ConvosAppClip" target */ = {
			isa = PBXFileSystemSynchronizedBuildFileExceptionSet;
			membershipExceptions = (
				Info.plist,
			);
			target = 7ADC0C6D2E2977800053978A /* ConvosAppClip */;
		};
		D80850402DC94F4C00E708B0 /* Exceptions for "NotificationService" folder in "NotificationService" target */ = {
			isa = PBXFileSystemSynchronizedBuildFileExceptionSet;
			membershipExceptions = (
				Info.plist,
			);
			target = D80850332DC94F4C00E708B0 /* NotificationService */;
		};
		D8A2B6A32DA4BA4C00EF8577 /* Exceptions for "Convos" folder in "Convos" target */ = {
			isa = PBXFileSystemSynchronizedBuildFileExceptionSet;
			membershipExceptions = (
				"_Archive/Contact Cards/ContactCard.swift",
				"_Archive/Contact Cards/ContactCardDetailView.swift",
				"_Archive/Contact Cards/ContactCardsView.swift",
				"_Archive/Contact Cards/ContactCardView.swift",
				"_Archive/Conversation Detail/CustomToolbarView.swift",
				"_Archive/Conversations List/Composer/ComposerProfileChipView.swift",
				"_Archive/Conversations List/Composer/ConversationComposerContentView.swift",
				"_Archive/Conversations List/Composer/ConversationComposerProfilesField.swift",
				"_Archive/Conversations List/Composer/ConversationsComposerView.swift",
				"_Archive/Conversations List/ConversationsListNavigationBar.swift",
				"_Archive/Conversations List/ConversationsRequestsItemView.swift",
				"_Archive/Conversations List/DropdownMenu.swift",
				"_Archive/Conversations List/PinnedConversationsGrid.swift",
				"_Archive/Conversations List/ProfileView.swift",
				"_Archive/Conversations List/Security Line/DeniedConversationsListItem.swift",
				"_Archive/Conversations List/Security Line/JoinConversationInputView.swift",
				"_Archive/Conversations List/Security Line/SecurityLineListItem.swift",
				"_Archive/Conversations List/Security Line/SecurityLineView.swift",
				"_Archive/Convos Client/Auth/Migrations/ReactNativeMigration.swift",
				"_Archive/Convos Client/Auth/Passkey/AsyncAuthorizationController.swift",
				"_Archive/Convos Client/Auth/Passkey/PasskeyAuthError.swift",
				"_Archive/Convos Client/Auth/Passkey/PasskeyAuthService.swift",
				"_Archive/Convos Client/Auth/Passkey/PasskeyIdentityStore.swift",
				"_Archive/Convos Client/Auth/Passkey/PasskeyPresentationProvider.swift",
				"_Archive/Convos Client/Auth/Passkey/PasskeySigningKey.swift",
				"_Archive/Convos Client/Auth/Turnkey/TurnkeyAccountsService.swift",
				"_Archive/Convos Client/Auth/Turnkey/TurnkeyAuthService.swift",
				"_Archive/Convos Client/Auth/Turnkey/TurnkeyDatabaseKeyStore.swift",
				"_Archive/Convos Client/Auth/Turnkey/TurnkeyPresentationAnchorProvider.swift",
				"_Archive/Onboarding/Contact Card/ContactCardAvatarView.swift",
				"_Archive/Onboarding/Contact Card/ContactCardCreateView.swift",
				"_Archive/Onboarding/Contact Card/ContactCardEditView.swift",
				"_Archive/Onboarding/Contact Card/ContactCardsState.swift",
				_Archive/Onboarding/OnboardingMigratingView.swift,
				_Archive/Onboarding/OnboardingView.swift,
				_Archive/Onboarding/OnboardingViewModel.swift,
				"_Archive/Utilities/EthereumAddress+Validation.swift",
				"Conversation Detail/AddMemberView.swift",
				Core/Storage/Repositories/Mocks/MockProfileSearchRepository.swift,
				Core/Storage/Repositories/ProfileSearchRepository.swift,
				Core/Storage/States/DraftConversationState.swift,
				"Design System/Animation/DraggableSpringyView.swift",
				"Design System/Components/LabeledTextField.swift",
				Info.plist,
				"Shared Views/BackspaceTextField.swift",
				"Shared Views/FlowLayout.swift",
				"Shared Views/FlowLayoutTextEditor.swift",
			);
			target = D8A2B6902DA4BA4B00EF8577 /* Convos */;
		};
/* End PBXFileSystemSynchronizedBuildFileExceptionSet section */

/* Begin PBXFileSystemSynchronizedRootGroup section */
		7ACA8BA42DE16DE200848799 /* ConvosTests */ = {
			isa = PBXFileSystemSynchronizedRootGroup;
			path = ConvosTests;
			sourceTree = "<group>";
		};
		7ADC0C6F2E2977800053978A /* ConvosAppClip */ = {
			isa = PBXFileSystemSynchronizedRootGroup;
			exceptions = (
				7ADC0C942E2977820053978A /* Exceptions for "ConvosAppClip" folder in "ConvosAppClip" target */,
			);
			path = ConvosAppClip;
			sourceTree = "<group>";
		};
		7ADC0C7F2E2977810053978A /* ConvosAppClipTests */ = {
			isa = PBXFileSystemSynchronizedRootGroup;
			path = ConvosAppClipTests;
			sourceTree = "<group>";
		};
		7ADC0C892E2977810053978A /* ConvosAppClipUITests */ = {
			isa = PBXFileSystemSynchronizedRootGroup;
			path = ConvosAppClipUITests;
			sourceTree = "<group>";
		};
		D80850352DC94F4C00E708B0 /* NotificationService */ = {
			isa = PBXFileSystemSynchronizedRootGroup;
			exceptions = (
				D80850402DC94F4C00E708B0 /* Exceptions for "NotificationService" folder in "NotificationService" target */,
			);
			path = NotificationService;
			sourceTree = "<group>";
		};
		D8A2B6932DA4BA4B00EF8577 /* Convos */ = {
			isa = PBXFileSystemSynchronizedRootGroup;
			exceptions = (
				D8A2B6A32DA4BA4C00EF8577 /* Exceptions for "Convos" folder in "Convos" target */,
				7ACA8BD52DE180B800848799 /* Exceptions for "Convos" folder in "ConvosTests" target */,
			);
			path = Convos;
			sourceTree = "<group>";
		};
/* End PBXFileSystemSynchronizedRootGroup section */

/* Begin PBXFrameworksBuildPhase section */
		7ACA8BA02DE16DE200848799 /* Frameworks */ = {
			isa = PBXFrameworksBuildPhase;
			buildActionMask = 2147483647;
			files = (
				7ACA8BC82DE17FF800848799 /* GRDB-dynamic in Frameworks */,
				7ACA8BCC2DE1800500848799 /* XMTPiOS in Frameworks */,
			);
			runOnlyForDeploymentPostprocessing = 0;
		};
		7ADC0C6B2E2977800053978A /* Frameworks */ = {
			isa = PBXFrameworksBuildPhase;
			buildActionMask = 2147483647;
			files = (
			);
			runOnlyForDeploymentPostprocessing = 0;
		};
		7ADC0C792E2977810053978A /* Frameworks */ = {
			isa = PBXFrameworksBuildPhase;
			buildActionMask = 2147483647;
			files = (
			);
			runOnlyForDeploymentPostprocessing = 0;
		};
		7ADC0C832E2977810053978A /* Frameworks */ = {
			isa = PBXFrameworksBuildPhase;
			buildActionMask = 2147483647;
			files = (
			);
			runOnlyForDeploymentPostprocessing = 0;
		};
		D80850312DC94F4C00E708B0 /* Frameworks */ = {
			isa = PBXFrameworksBuildPhase;
			buildActionMask = 2147483647;
			files = (
			);
			runOnlyForDeploymentPostprocessing = 0;
		};
		D8A2B68E2DA4BA4B00EF8577 /* Frameworks */ = {
			isa = PBXFrameworksBuildPhase;
			buildActionMask = 2147483647;
			files = (
				7A5200FA2DF0EF0800D2C55D /* TurnkeyStamper in Frameworks */,
				7A5201392DF0F1E600D2C55D /* TurnkeyHttp in Frameworks */,
				7ACA83B22DDD19B200848799 /* OrderedCollections in Frameworks */,
				7A5200F82DF0EF0800D2C55D /* TurnkeyPasskeys in Frameworks */,
				D8084BA92DC9193A00E708B0 /* DifferenceKit in Frameworks */,
				D8B5A9042DC272BD006003A4 /* XMTPiOS in Frameworks */,
				7A349B6E2DD6FF5400E526A3 /* GRDB-dynamic in Frameworks */,
				7A5200FC2DF0EF0800D2C55D /* TurnkeySwift in Frameworks */,
				7A5201372DF0EFBC00D2C55D /* TurnkeyCrypto in Frameworks */,
				7A1C3C752DB6F7AD00B723C0 /* PostHog in Frameworks */,
				D80BAAC22DB2C36500C2FB42 /* Sentry in Frameworks */,
			);
			runOnlyForDeploymentPostprocessing = 0;
		};
/* End PBXFrameworksBuildPhase section */

/* Begin PBXGroup section */
		7A1C3C552DB6F75000B723C0 /* Products */ = {
			isa = PBXGroup;
			children = (
			);
			name = Products;
			sourceTree = "<group>";
		};
		7A7BB1362DB6FF8E009B8BBF /* Products */ = {
			isa = PBXGroup;
			children = (
			);
			name = Products;
			sourceTree = "<group>";
		};
		7ACA8BC42DE17F2E00848799 /* Frameworks */ = {
			isa = PBXGroup;
			children = (
			);
			name = Frameworks;
			sourceTree = "<group>";
		};
		D8A2B6882DA4BA4B00EF8577 = {
			isa = PBXGroup;
			children = (
				D8477AD42DCBA52F00E31E54 /* .env */,
				D8477AD52DCBA52F00E31E54 /* .env.example */,
				D8A2B6932DA4BA4B00EF8577 /* Convos */,
				D80850352DC94F4C00E708B0 /* NotificationService */,
				7ACA8BA42DE16DE200848799 /* ConvosTests */,
				7ADC0C6F2E2977800053978A /* ConvosAppClip */,
				7ADC0C7F2E2977810053978A /* ConvosAppClipTests */,
				7ADC0C892E2977810053978A /* ConvosAppClipUITests */,
				7ACA8BC42DE17F2E00848799 /* Frameworks */,
				D8A2B6922DA4BA4B00EF8577 /* Products */,
			);
			sourceTree = "<group>";
		};
		D8A2B6922DA4BA4B00EF8577 /* Products */ = {
			isa = PBXGroup;
			children = (
				D8A2B6912DA4BA4B00EF8577 /* Convos.app */,
				D80850342DC94F4C00E708B0 /* NotificationService.appex */,
				7ACA8BA32DE16DE200848799 /* ConvosTests.xctest */,
				7ADC0C6E2E2977800053978A /* ConvosAppClip.app */,
				7ADC0C7C2E2977810053978A /* ConvosAppClipTests.xctest */,
				7ADC0C862E2977810053978A /* ConvosAppClipUITests.xctest */,
			);
			name = Products;
			sourceTree = "<group>";
		};
/* End PBXGroup section */

/* Begin PBXNativeTarget section */
		7ACA8BA22DE16DE200848799 /* ConvosTests */ = {
			isa = PBXNativeTarget;
			buildConfigurationList = 7ACA8BA92DE16DE200848799 /* Build configuration list for PBXNativeTarget "ConvosTests" */;
			buildPhases = (
				7ACA8B9F2DE16DE200848799 /* Sources */,
				7ACA8BA02DE16DE200848799 /* Frameworks */,
				7ACA8BA12DE16DE200848799 /* Resources */,
				7ACA8BCA2DE17FF800848799 /* Embed Frameworks */,
			);
			buildRules = (
			);
			dependencies = (
				7ACA8BA82DE16DE200848799 /* PBXTargetDependency */,
			);
			fileSystemSynchronizedGroups = (
				7ACA8BA42DE16DE200848799 /* ConvosTests */,
			);
			name = ConvosTests;
			packageProductDependencies = (
				7ACA8BC72DE17FF800848799 /* GRDB-dynamic */,
				7ACA8BCB2DE1800500848799 /* XMTPiOS */,
			);
			productName = ConvosTests;
			productReference = 7ACA8BA32DE16DE200848799 /* ConvosTests.xctest */;
			productType = "com.apple.product-type.bundle.unit-test";
		};
		7ADC0C6D2E2977800053978A /* ConvosAppClip */ = {
			isa = PBXNativeTarget;
			buildConfigurationList = 7ADC0C912E2977820053978A /* Build configuration list for PBXNativeTarget "ConvosAppClip" */;
			buildPhases = (
				7ADC0C6A2E2977800053978A /* Sources */,
				7ADC0C6B2E2977800053978A /* Frameworks */,
				7ADC0C6C2E2977800053978A /* Resources */,
			);
			buildRules = (
			);
			dependencies = (
			);
			fileSystemSynchronizedGroups = (
				7ADC0C6F2E2977800053978A /* ConvosAppClip */,
			);
			name = ConvosAppClip;
			packageProductDependencies = (
			);
			productName = ConvosAppClip;
			productReference = 7ADC0C6E2E2977800053978A /* ConvosAppClip.app */;
			productType = "com.apple.product-type.application.on-demand-install-capable";
		};
		7ADC0C7B2E2977810053978A /* ConvosAppClipTests */ = {
			isa = PBXNativeTarget;
			buildConfigurationList = 7ADC0C952E2977820053978A /* Build configuration list for PBXNativeTarget "ConvosAppClipTests" */;
			buildPhases = (
				7ADC0C782E2977810053978A /* Sources */,
				7ADC0C792E2977810053978A /* Frameworks */,
				7ADC0C7A2E2977810053978A /* Resources */,
			);
			buildRules = (
			);
			dependencies = (
				7ADC0C7E2E2977810053978A /* PBXTargetDependency */,
			);
			fileSystemSynchronizedGroups = (
				7ADC0C7F2E2977810053978A /* ConvosAppClipTests */,
			);
			name = ConvosAppClipTests;
			packageProductDependencies = (
			);
			productName = ConvosAppClipTests;
			productReference = 7ADC0C7C2E2977810053978A /* ConvosAppClipTests.xctest */;
			productType = "com.apple.product-type.bundle.unit-test";
		};
		7ADC0C852E2977810053978A /* ConvosAppClipUITests */ = {
			isa = PBXNativeTarget;
			buildConfigurationList = 7ADC0C982E2977820053978A /* Build configuration list for PBXNativeTarget "ConvosAppClipUITests" */;
			buildPhases = (
				7ADC0C822E2977810053978A /* Sources */,
				7ADC0C832E2977810053978A /* Frameworks */,
				7ADC0C842E2977810053978A /* Resources */,
			);
			buildRules = (
			);
			dependencies = (
				7ADC0C882E2977810053978A /* PBXTargetDependency */,
			);
			fileSystemSynchronizedGroups = (
				7ADC0C892E2977810053978A /* ConvosAppClipUITests */,
			);
			name = ConvosAppClipUITests;
			packageProductDependencies = (
			);
			productName = ConvosAppClipUITests;
			productReference = 7ADC0C862E2977810053978A /* ConvosAppClipUITests.xctest */;
			productType = "com.apple.product-type.bundle.ui-testing";
		};
		D80850332DC94F4C00E708B0 /* NotificationService */ = {
			isa = PBXNativeTarget;
			buildConfigurationList = D808503D2DC94F4C00E708B0 /* Build configuration list for PBXNativeTarget "NotificationService" */;
			buildPhases = (
				D80850302DC94F4C00E708B0 /* Sources */,
				D80850312DC94F4C00E708B0 /* Frameworks */,
				D80850322DC94F4C00E708B0 /* Resources */,
				D80850472DC94FF300E708B0 /* Embed Frameworks */,
			);
			buildRules = (
			);
			dependencies = (
				D80850422DC94FA000E708B0 /* PBXTargetDependency */,
			);
			fileSystemSynchronizedGroups = (
				D80850352DC94F4C00E708B0 /* NotificationService */,
			);
			name = NotificationService;
			productName = NotificationService;
			productReference = D80850342DC94F4C00E708B0 /* NotificationService.appex */;
			productType = "com.apple.product-type.app-extension";
		};
		D8A2B6902DA4BA4B00EF8577 /* Convos */ = {
			isa = PBXNativeTarget;
			buildConfigurationList = D8A2B6A42DA4BA4C00EF8577 /* Build configuration list for PBXNativeTarget "Convos" */;
			buildPhases = (
				D8A2B68D2DA4BA4B00EF8577 /* Sources */,
				D8A2B68E2DA4BA4B00EF8577 /* Frameworks */,
				D8A2B68F2DA4BA4B00EF8577 /* Resources */,
				D808503B2DC94F4C00E708B0 /* Embed Foundation Extensions */,
				D85B9BA02DD26BC400831D58 /* Embed Frameworks */,
				7ADC0C632E2976210053978A /* Embed App Clips */,
			);
			buildRules = (
			);
			dependencies = (
				D8084C1C2DC91F1300E708B0 /* PBXTargetDependency */,
				D808503A2DC94F4C00E708B0 /* PBXTargetDependency */,
				7ADC0C8F2E2977820053978A /* PBXTargetDependency */,
			);
			fileSystemSynchronizedGroups = (
				D8A2B6932DA4BA4B00EF8577 /* Convos */,
			);
			name = Convos;
			packageProductDependencies = (
				D80BAAC12DB2C36500C2FB42 /* Sentry */,
				7A1C3C742DB6F7AD00B723C0 /* PostHog */,
				D8B5A9032DC272BD006003A4 /* XMTPiOS */,
				D8084BA82DC9193A00E708B0 /* DifferenceKit */,
				7A349B6D2DD6FF5400E526A3 /* GRDB-dynamic */,
				7ACA83B12DDD19B200848799 /* OrderedCollections */,
				7A5200F72DF0EF0800D2C55D /* TurnkeyPasskeys */,
				7A5200F92DF0EF0800D2C55D /* TurnkeyStamper */,
				7A5200FB2DF0EF0800D2C55D /* TurnkeySwift */,
				7A5201362DF0EFBC00D2C55D /* TurnkeyCrypto */,
				7A5201382DF0F1E600D2C55D /* TurnkeyHttp */,
			);
			productName = Convos;
			productReference = D8A2B6912DA4BA4B00EF8577 /* Convos.app */;
			productType = "com.apple.product-type.application";
		};
/* End PBXNativeTarget section */

/* Begin PBXProject section */
		D8A2B6892DA4BA4B00EF8577 /* Project object */ = {
			isa = PBXProject;
			attributes = {
				BuildIndependentTargetsInParallel = 1;
				LastSwiftUpdateCheck = 2600;
				LastUpgradeCheck = 2600;
				TargetAttributes = {
					7ACA8BA22DE16DE200848799 = {
						CreatedOnToolsVersion = 16.3;
					};
					7ADC0C6D2E2977800053978A = {
						CreatedOnToolsVersion = 26.0;
					};
					7ADC0C7B2E2977810053978A = {
						CreatedOnToolsVersion = 26.0;
						TestTargetID = 7ADC0C6D2E2977800053978A;
					};
					7ADC0C852E2977810053978A = {
						CreatedOnToolsVersion = 26.0;
						TestTargetID = 7ADC0C6D2E2977800053978A;
					};
					D80850332DC94F4C00E708B0 = {
						CreatedOnToolsVersion = 16.3;
					};
					D8A2B6902DA4BA4B00EF8577 = {
						CreatedOnToolsVersion = 16.2;
					};
				};
			};
			buildConfigurationList = D8A2B68C2DA4BA4B00EF8577 /* Build configuration list for PBXProject "Convos" */;
			developmentRegion = en;
			hasScannedForEncodings = 0;
			knownRegions = (
				en,
				Base,
			);
			mainGroup = D8A2B6882DA4BA4B00EF8577;
			minimizedProjectReferenceProxies = 1;
			packageReferences = (
				D80BAAC02DB2C36500C2FB42 /* XCRemoteSwiftPackageReference "sentry-cocoa" */,
				D80BAEE72DB2F1CD00C2FB42 /* XCRemoteSwiftPackageReference "SwiftLintPlugins" */,
				7A1C3C732DB6F7AD00B723C0 /* XCRemoteSwiftPackageReference "posthog-ios" */,
				D8B5A9022DC272BD006003A4 /* XCRemoteSwiftPackageReference "xmtp-ios" */,
				D8084BA72DC9193A00E708B0 /* XCRemoteSwiftPackageReference "DifferenceKit" */,
				7A349B6C2DD6FF5400E526A3 /* XCRemoteSwiftPackageReference "GRDB.swift" */,
				7ACA83B02DDD19B200848799 /* XCRemoteSwiftPackageReference "swift-collections" */,
				7A5200F62DF0EF0800D2C55D /* XCRemoteSwiftPackageReference "swift-sdk" */,
			);
			preferredProjectObjectVersion = 77;
			productRefGroup = D8A2B6922DA4BA4B00EF8577 /* Products */;
			projectDirPath = "";
			projectReferences = (
				{
					ProductGroup = 7A7BB1362DB6FF8E009B8BBF /* Products */;
					ProjectRef = 7A7BB1322DB6FF8E009B8BBF /* Convos.xcodeproj */;
				},
				{
					ProductGroup = 7A1C3C552DB6F75000B723C0 /* Products */;
					ProjectRef = 7A1C3C512DB6F75000B723C0 /* Convos.xcodeproj */;
				},
			);
			projectRoot = "";
			targets = (
				D8A2B6902DA4BA4B00EF8577 /* Convos */,
				D80850332DC94F4C00E708B0 /* NotificationService */,
				7ACA8BA22DE16DE200848799 /* ConvosTests */,
				7ADC0C6D2E2977800053978A /* ConvosAppClip */,
				7ADC0C7B2E2977810053978A /* ConvosAppClipTests */,
				7ADC0C852E2977810053978A /* ConvosAppClipUITests */,
			);
		};
/* End PBXProject section */

/* Begin PBXResourcesBuildPhase section */
		7ACA8BA12DE16DE200848799 /* Resources */ = {
			isa = PBXResourcesBuildPhase;
			buildActionMask = 2147483647;
			files = (
			);
			runOnlyForDeploymentPostprocessing = 0;
		};
		7ADC0C6C2E2977800053978A /* Resources */ = {
			isa = PBXResourcesBuildPhase;
			buildActionMask = 2147483647;
			files = (
			);
			runOnlyForDeploymentPostprocessing = 0;
		};
		7ADC0C7A2E2977810053978A /* Resources */ = {
			isa = PBXResourcesBuildPhase;
			buildActionMask = 2147483647;
			files = (
			);
			runOnlyForDeploymentPostprocessing = 0;
		};
		7ADC0C842E2977810053978A /* Resources */ = {
			isa = PBXResourcesBuildPhase;
			buildActionMask = 2147483647;
			files = (
			);
			runOnlyForDeploymentPostprocessing = 0;
		};
		D80850322DC94F4C00E708B0 /* Resources */ = {
			isa = PBXResourcesBuildPhase;
			buildActionMask = 2147483647;
			files = (
			);
			runOnlyForDeploymentPostprocessing = 0;
		};
		D8A2B68F2DA4BA4B00EF8577 /* Resources */ = {
			isa = PBXResourcesBuildPhase;
			buildActionMask = 2147483647;
			files = (
			);
			runOnlyForDeploymentPostprocessing = 0;
		};
/* End PBXResourcesBuildPhase section */

/* Begin PBXSourcesBuildPhase section */
		7ACA8B9F2DE16DE200848799 /* Sources */ = {
			isa = PBXSourcesBuildPhase;
			buildActionMask = 2147483647;
			files = (
			);
			runOnlyForDeploymentPostprocessing = 0;
		};
		7ADC0C6A2E2977800053978A /* Sources */ = {
			isa = PBXSourcesBuildPhase;
			buildActionMask = 2147483647;
			files = (
			);
			runOnlyForDeploymentPostprocessing = 0;
		};
		7ADC0C782E2977810053978A /* Sources */ = {
			isa = PBXSourcesBuildPhase;
			buildActionMask = 2147483647;
			files = (
			);
			runOnlyForDeploymentPostprocessing = 0;
		};
		7ADC0C822E2977810053978A /* Sources */ = {
			isa = PBXSourcesBuildPhase;
			buildActionMask = 2147483647;
			files = (
			);
			runOnlyForDeploymentPostprocessing = 0;
		};
		D80850302DC94F4C00E708B0 /* Sources */ = {
			isa = PBXSourcesBuildPhase;
			buildActionMask = 2147483647;
			files = (
			);
			runOnlyForDeploymentPostprocessing = 0;
		};
		D8A2B68D2DA4BA4B00EF8577 /* Sources */ = {
			isa = PBXSourcesBuildPhase;
			buildActionMask = 2147483647;
			files = (
			);
			runOnlyForDeploymentPostprocessing = 0;
		};
/* End PBXSourcesBuildPhase section */

/* Begin PBXTargetDependency section */
		7ACA8BA82DE16DE200848799 /* PBXTargetDependency */ = {
			isa = PBXTargetDependency;
			target = D8A2B6902DA4BA4B00EF8577 /* Convos */;
			targetProxy = 7ACA8BA72DE16DE200848799 /* PBXContainerItemProxy */;
		};
		7ADC0C7E2E2977810053978A /* PBXTargetDependency */ = {
			isa = PBXTargetDependency;
			target = 7ADC0C6D2E2977800053978A /* ConvosAppClip */;
			targetProxy = 7ADC0C7D2E2977810053978A /* PBXContainerItemProxy */;
		};
		7ADC0C882E2977810053978A /* PBXTargetDependency */ = {
			isa = PBXTargetDependency;
			target = 7ADC0C6D2E2977800053978A /* ConvosAppClip */;
			targetProxy = 7ADC0C872E2977810053978A /* PBXContainerItemProxy */;
		};
		7ADC0C8F2E2977820053978A /* PBXTargetDependency */ = {
			isa = PBXTargetDependency;
			target = 7ADC0C6D2E2977800053978A /* ConvosAppClip */;
			targetProxy = 7ADC0C8E2E2977820053978A /* PBXContainerItemProxy */;
		};
		D8084C1C2DC91F1300E708B0 /* PBXTargetDependency */ = {
			isa = PBXTargetDependency;
			productRef = D8084C1B2DC91F1300E708B0 /* SwiftLintBuildToolPlugin */;
		};
		D808503A2DC94F4C00E708B0 /* PBXTargetDependency */ = {
			isa = PBXTargetDependency;
			target = D80850332DC94F4C00E708B0 /* NotificationService */;
			targetProxy = D80850392DC94F4C00E708B0 /* PBXContainerItemProxy */;
		};
		D80850422DC94FA000E708B0 /* PBXTargetDependency */ = {
			isa = PBXTargetDependency;
			productRef = D80850412DC94FA000E708B0 /* SwiftLintBuildToolPlugin */;
		};
/* End PBXTargetDependency section */

/* Begin XCBuildConfiguration section */
		7ACA8BAA2DE16DE200848799 /* Debug */ = {
			isa = XCBuildConfiguration;
			buildSettings = {
				CODE_SIGN_STYLE = Automatic;
				CURRENT_PROJECT_VERSION = 1;
				DEVELOPMENT_TEAM = FY4NZR34Z3;
				GENERATE_INFOPLIST_FILE = YES;
				IPHONEOS_DEPLOYMENT_TARGET = 26.0;
				MARKETING_VERSION = 1.0;
				PRODUCT_BUNDLE_IDENTIFIER = com.convos.tests;
				PRODUCT_NAME = "$(TARGET_NAME)";
				SWIFT_EMIT_LOC_STRINGS = NO;
				SWIFT_VERSION = 5.0;
				TARGETED_DEVICE_FAMILY = "1,2";
			};
			name = Debug;
		};
		7ACA8BAB2DE16DE200848799 /* Release */ = {
			isa = XCBuildConfiguration;
			buildSettings = {
				CODE_SIGN_STYLE = Automatic;
				CURRENT_PROJECT_VERSION = 1;
				DEVELOPMENT_TEAM = FY4NZR34Z3;
				GENERATE_INFOPLIST_FILE = YES;
				IPHONEOS_DEPLOYMENT_TARGET = 26.0;
				MARKETING_VERSION = 1.0;
				PRODUCT_BUNDLE_IDENTIFIER = com.convos.tests;
				PRODUCT_NAME = "$(TARGET_NAME)";
				SWIFT_EMIT_LOC_STRINGS = NO;
				SWIFT_VERSION = 5.0;
				TARGETED_DEVICE_FAMILY = "1,2";
			};
			name = Release;
		};
		7ADC0C922E2977820053978A /* Debug */ = {
			isa = XCBuildConfiguration;
			buildSettings = {
				ASSETCATALOG_COMPILER_APPICON_NAME = AppIcon;
				ASSETCATALOG_COMPILER_GLOBAL_ACCENT_COLOR_NAME = AccentColor;
				CODE_SIGN_ENTITLEMENTS = ConvosAppClip/ConvosAppClip.entitlements;
				CODE_SIGN_STYLE = Automatic;
				CURRENT_PROJECT_VERSION = 12;
				ENABLE_PREVIEWS = YES;
				GENERATE_INFOPLIST_FILE = YES;
				INFOPLIST_FILE = ConvosAppClip/Info.plist;
				INFOPLIST_KEY_CFBundleDisplayName = Convos;
				INFOPLIST_KEY_UIApplicationSceneManifest_Generation = YES;
				INFOPLIST_KEY_UIApplicationSupportsIndirectInputEvents = YES;
				INFOPLIST_KEY_UILaunchScreen_Generation = YES;
				INFOPLIST_KEY_UISupportedInterfaceOrientations_iPad = "UIInterfaceOrientationPortrait UIInterfaceOrientationPortraitUpsideDown UIInterfaceOrientationLandscapeLeft UIInterfaceOrientationLandscapeRight";
				INFOPLIST_KEY_UISupportedInterfaceOrientations_iPhone = "UIInterfaceOrientationPortrait UIInterfaceOrientationLandscapeLeft UIInterfaceOrientationLandscapeRight";
				IPHONEOS_DEPLOYMENT_TARGET = 26.0;
				LD_RUNPATH_SEARCH_PATHS = (
					"$(inherited)",
					"@executable_path/Frameworks",
				);
				MARKETING_VERSION = 1.0.0;
				PRODUCT_BUNDLE_IDENTIFIER = "org.convos.ios-preview.Clip";
				PRODUCT_NAME = "$(TARGET_NAME)";
				STRING_CATALOG_GENERATE_SYMBOLS = YES;
				SWIFT_APPROACHABLE_CONCURRENCY = YES;
				SWIFT_DEFAULT_ACTOR_ISOLATION = MainActor;
				SWIFT_EMIT_LOC_STRINGS = YES;
				SWIFT_UPCOMING_FEATURE_MEMBER_IMPORT_VISIBILITY = YES;
				SWIFT_VERSION = 5.0;
				TARGETED_DEVICE_FAMILY = "1,2";
			};
			name = Debug;
		};
		7ADC0C932E2977820053978A /* Release */ = {
			isa = XCBuildConfiguration;
			buildSettings = {
				ASSETCATALOG_COMPILER_APPICON_NAME = AppIcon;
				ASSETCATALOG_COMPILER_GLOBAL_ACCENT_COLOR_NAME = AccentColor;
				CODE_SIGN_ENTITLEMENTS = ConvosAppClip/ConvosAppClip.entitlements;
				CODE_SIGN_STYLE = Automatic;
				CURRENT_PROJECT_VERSION = 12;
				ENABLE_PREVIEWS = YES;
				GENERATE_INFOPLIST_FILE = YES;
				INFOPLIST_FILE = ConvosAppClip/Info.plist;
				INFOPLIST_KEY_CFBundleDisplayName = Convos;
				INFOPLIST_KEY_UIApplicationSceneManifest_Generation = YES;
				INFOPLIST_KEY_UIApplicationSupportsIndirectInputEvents = YES;
				INFOPLIST_KEY_UILaunchScreen_Generation = YES;
				INFOPLIST_KEY_UISupportedInterfaceOrientations_iPad = "UIInterfaceOrientationPortrait UIInterfaceOrientationPortraitUpsideDown UIInterfaceOrientationLandscapeLeft UIInterfaceOrientationLandscapeRight";
				INFOPLIST_KEY_UISupportedInterfaceOrientations_iPhone = "UIInterfaceOrientationPortrait UIInterfaceOrientationLandscapeLeft UIInterfaceOrientationLandscapeRight";
				IPHONEOS_DEPLOYMENT_TARGET = 26.0;
				LD_RUNPATH_SEARCH_PATHS = (
					"$(inherited)",
					"@executable_path/Frameworks",
				);
				MARKETING_VERSION = 1.0.0;
				PRODUCT_BUNDLE_IDENTIFIER = "org.convos.ios-preview.Clip";
				PRODUCT_NAME = "$(TARGET_NAME)";
				STRING_CATALOG_GENERATE_SYMBOLS = YES;
				SWIFT_APPROACHABLE_CONCURRENCY = YES;
				SWIFT_DEFAULT_ACTOR_ISOLATION = MainActor;
				SWIFT_EMIT_LOC_STRINGS = YES;
				SWIFT_UPCOMING_FEATURE_MEMBER_IMPORT_VISIBILITY = YES;
				SWIFT_VERSION = 5.0;
				TARGETED_DEVICE_FAMILY = "1,2";
			};
			name = Release;
		};
		7ADC0C962E2977820053978A /* Debug */ = {
			isa = XCBuildConfiguration;
			buildSettings = {
				BUNDLE_LOADER = "$(TEST_HOST)";
				CODE_SIGN_STYLE = Automatic;
				CURRENT_PROJECT_VERSION = 1;
				DEVELOPMENT_TEAM = FY4NZR34Z3;
				GENERATE_INFOPLIST_FILE = YES;
				IPHONEOS_DEPLOYMENT_TARGET = 26.0;
				MARKETING_VERSION = 1.0;
				PRODUCT_BUNDLE_IDENTIFIER = "org.convos.ios-preview.ConvosAppClipTests";
				PRODUCT_NAME = "$(TARGET_NAME)";
				STRING_CATALOG_GENERATE_SYMBOLS = NO;
				SWIFT_APPROACHABLE_CONCURRENCY = YES;
				SWIFT_EMIT_LOC_STRINGS = NO;
				SWIFT_UPCOMING_FEATURE_MEMBER_IMPORT_VISIBILITY = YES;
				SWIFT_VERSION = 5.0;
				TARGETED_DEVICE_FAMILY = "1,2";
				TEST_HOST = "$(BUILT_PRODUCTS_DIR)/ConvosAppClip.app/$(BUNDLE_EXECUTABLE_FOLDER_PATH)/ConvosAppClip";
			};
			name = Debug;
		};
		7ADC0C972E2977820053978A /* Release */ = {
			isa = XCBuildConfiguration;
			buildSettings = {
				BUNDLE_LOADER = "$(TEST_HOST)";
				CODE_SIGN_STYLE = Automatic;
				CURRENT_PROJECT_VERSION = 1;
				DEVELOPMENT_TEAM = FY4NZR34Z3;
				GENERATE_INFOPLIST_FILE = YES;
				IPHONEOS_DEPLOYMENT_TARGET = 26.0;
				MARKETING_VERSION = 1.0;
				PRODUCT_BUNDLE_IDENTIFIER = "org.convos.ios-preview.ConvosAppClipTests";
				PRODUCT_NAME = "$(TARGET_NAME)";
				STRING_CATALOG_GENERATE_SYMBOLS = NO;
				SWIFT_APPROACHABLE_CONCURRENCY = YES;
				SWIFT_EMIT_LOC_STRINGS = NO;
				SWIFT_UPCOMING_FEATURE_MEMBER_IMPORT_VISIBILITY = YES;
				SWIFT_VERSION = 5.0;
				TARGETED_DEVICE_FAMILY = "1,2";
				TEST_HOST = "$(BUILT_PRODUCTS_DIR)/ConvosAppClip.app/$(BUNDLE_EXECUTABLE_FOLDER_PATH)/ConvosAppClip";
			};
			name = Release;
		};
		7ADC0C992E2977820053978A /* Debug */ = {
			isa = XCBuildConfiguration;
			buildSettings = {
				CODE_SIGN_STYLE = Automatic;
				CURRENT_PROJECT_VERSION = 1;
				DEVELOPMENT_TEAM = FY4NZR34Z3;
				GENERATE_INFOPLIST_FILE = YES;
				IPHONEOS_DEPLOYMENT_TARGET = 26.0;
				MARKETING_VERSION = 1.0;
				PRODUCT_BUNDLE_IDENTIFIER = "org.convos.ios-preview.ConvosAppClipUITests";
				PRODUCT_NAME = "$(TARGET_NAME)";
				STRING_CATALOG_GENERATE_SYMBOLS = NO;
				SWIFT_APPROACHABLE_CONCURRENCY = YES;
				SWIFT_EMIT_LOC_STRINGS = NO;
				SWIFT_UPCOMING_FEATURE_MEMBER_IMPORT_VISIBILITY = YES;
				SWIFT_VERSION = 5.0;
				TARGETED_DEVICE_FAMILY = "1,2";
				TEST_TARGET_NAME = ConvosAppClip;
			};
			name = Debug;
		};
		7ADC0C9A2E2977820053978A /* Release */ = {
			isa = XCBuildConfiguration;
			buildSettings = {
				CODE_SIGN_STYLE = Automatic;
				CURRENT_PROJECT_VERSION = 1;
				DEVELOPMENT_TEAM = FY4NZR34Z3;
				GENERATE_INFOPLIST_FILE = YES;
				IPHONEOS_DEPLOYMENT_TARGET = 26.0;
				MARKETING_VERSION = 1.0;
				PRODUCT_BUNDLE_IDENTIFIER = "org.convos.ios-preview.ConvosAppClipUITests";
				PRODUCT_NAME = "$(TARGET_NAME)";
				STRING_CATALOG_GENERATE_SYMBOLS = NO;
				SWIFT_APPROACHABLE_CONCURRENCY = YES;
				SWIFT_EMIT_LOC_STRINGS = NO;
				SWIFT_UPCOMING_FEATURE_MEMBER_IMPORT_VISIBILITY = YES;
				SWIFT_VERSION = 5.0;
				TARGETED_DEVICE_FAMILY = "1,2";
				TEST_TARGET_NAME = ConvosAppClip;
			};
			name = Release;
		};
		D808503E2DC94F4C00E708B0 /* Debug */ = {
			isa = XCBuildConfiguration;
			buildSettings = {
				CODE_SIGN_ENTITLEMENTS = NotificationService/NotificationService.entitlements;
				CODE_SIGN_STYLE = Automatic;
				CURRENT_PROJECT_VERSION = 12;
				GENERATE_INFOPLIST_FILE = YES;
				INFOPLIST_FILE = NotificationService/Info.plist;
				INFOPLIST_KEY_CFBundleDisplayName = NotificationService;
				INFOPLIST_KEY_NSHumanReadableCopyright = "";
				IPHONEOS_DEPLOYMENT_TARGET = 18.4;
				LD_RUNPATH_SEARCH_PATHS = (
					"$(inherited)",
					"@executable_path/Frameworks",
					"@executable_path/../../Frameworks",
				);
				MARKETING_VERSION = 1.0.0;
				PRODUCT_BUNDLE_IDENTIFIER = "org.convos.ios-preview.ConvosNSE";
				PRODUCT_NAME = "$(TARGET_NAME)";
				SKIP_INSTALL = YES;
				SWIFT_EMIT_LOC_STRINGS = YES;
				SWIFT_VERSION = 5.0;
				TARGETED_DEVICE_FAMILY = "1,2";
			};
			name = Debug;
		};
		D808503F2DC94F4C00E708B0 /* Release */ = {
			isa = XCBuildConfiguration;
			buildSettings = {
				CODE_SIGN_ENTITLEMENTS = NotificationService/NotificationService.entitlements;
				CODE_SIGN_STYLE = Automatic;
				CURRENT_PROJECT_VERSION = 12;
				GENERATE_INFOPLIST_FILE = YES;
				INFOPLIST_FILE = NotificationService/Info.plist;
				INFOPLIST_KEY_CFBundleDisplayName = NotificationService;
				INFOPLIST_KEY_NSHumanReadableCopyright = "";
				IPHONEOS_DEPLOYMENT_TARGET = 18.4;
				LD_RUNPATH_SEARCH_PATHS = (
					"$(inherited)",
					"@executable_path/Frameworks",
					"@executable_path/../../Frameworks",
				);
				MARKETING_VERSION = 1.0.0;
				PRODUCT_BUNDLE_IDENTIFIER = "org.convos.ios-preview.ConvosNSE";
				PRODUCT_NAME = "$(TARGET_NAME)";
				SKIP_INSTALL = YES;
				SWIFT_EMIT_LOC_STRINGS = YES;
				SWIFT_VERSION = 5.0;
				TARGETED_DEVICE_FAMILY = "1,2";
			};
			name = Release;
		};
		D8A2B6A52DA4BA4C00EF8577 /* Debug */ = {
			isa = XCBuildConfiguration;
			buildSettings = {
				ASSETCATALOG_COMPILER_APPICON_NAME = AppIcon;
				ASSETCATALOG_COMPILER_GLOBAL_ACCENT_COLOR_NAME = AccentColor;
				CODE_SIGN_ENTITLEMENTS = Convos/Convos.entitlements;
				CODE_SIGN_STYLE = Automatic;
				CURRENT_PROJECT_VERSION = 12;
				GENERATE_INFOPLIST_FILE = YES;
				INFOPLIST_FILE = Convos/Info.plist;
				INFOPLIST_KEY_ITSAppUsesNonExemptEncryption = NO;
				INFOPLIST_KEY_UIApplicationSupportsIndirectInputEvents = YES;
				INFOPLIST_KEY_UILaunchStoryboardName = LaunchScreen;
				INFOPLIST_KEY_UISupportedInterfaceOrientations_iPad = "UIInterfaceOrientationPortrait UIInterfaceOrientationPortraitUpsideDown UIInterfaceOrientationLandscapeLeft UIInterfaceOrientationLandscapeRight";
				INFOPLIST_KEY_UISupportedInterfaceOrientations_iPhone = "UIInterfaceOrientationPortrait UIInterfaceOrientationLandscapeLeft UIInterfaceOrientationLandscapeRight";
				IPHONEOS_DEPLOYMENT_TARGET = 26.0;
				LD_RUNPATH_SEARCH_PATHS = (
					"$(inherited)",
					"@executable_path/Frameworks",
				);
				MARKETING_VERSION = 1.0.0;
				PRODUCT_BUNDLE_IDENTIFIER = "org.convos.ios-preview";
				PRODUCT_NAME = "$(TARGET_NAME)";
				SWIFT_EMIT_LOC_STRINGS = YES;
				SWIFT_VERSION = 5.0;
				TARGETED_DEVICE_FAMILY = "1,2";
			};
			name = Debug;
		};
		D8A2B6A62DA4BA4C00EF8577 /* Release */ = {
			isa = XCBuildConfiguration;
			buildSettings = {
				ASSETCATALOG_COMPILER_APPICON_NAME = AppIcon;
				ASSETCATALOG_COMPILER_GLOBAL_ACCENT_COLOR_NAME = AccentColor;
				CODE_SIGN_ENTITLEMENTS = Convos/Convos.entitlements;
				CODE_SIGN_STYLE = Automatic;
				CURRENT_PROJECT_VERSION = 12;
				GENERATE_INFOPLIST_FILE = YES;
				INFOPLIST_FILE = Convos/Info.plist;
				INFOPLIST_KEY_ITSAppUsesNonExemptEncryption = NO;
				INFOPLIST_KEY_UIApplicationSupportsIndirectInputEvents = YES;
				INFOPLIST_KEY_UILaunchStoryboardName = LaunchScreen;
				INFOPLIST_KEY_UISupportedInterfaceOrientations_iPad = "UIInterfaceOrientationPortrait UIInterfaceOrientationPortraitUpsideDown UIInterfaceOrientationLandscapeLeft UIInterfaceOrientationLandscapeRight";
				INFOPLIST_KEY_UISupportedInterfaceOrientations_iPhone = "UIInterfaceOrientationPortrait UIInterfaceOrientationLandscapeLeft UIInterfaceOrientationLandscapeRight";
				IPHONEOS_DEPLOYMENT_TARGET = 26.0;
				LD_RUNPATH_SEARCH_PATHS = (
					"$(inherited)",
					"@executable_path/Frameworks",
				);
				MARKETING_VERSION = 1.0.0;
				PRODUCT_BUNDLE_IDENTIFIER = "org.convos.ios-preview";
				PRODUCT_NAME = "$(TARGET_NAME)";
				SWIFT_EMIT_LOC_STRINGS = YES;
				SWIFT_VERSION = 5.0;
				TARGETED_DEVICE_FAMILY = "1,2";
			};
			name = Release;
		};
		D8A2B6A72DA4BA4C00EF8577 /* Debug */ = {
			isa = XCBuildConfiguration;
			buildSettings = {
				ALWAYS_SEARCH_USER_PATHS = NO;
				ASSETCATALOG_COMPILER_GENERATE_SWIFT_ASSET_SYMBOL_EXTENSIONS = YES;
				CLANG_ANALYZER_NONNULL = YES;
				CLANG_ANALYZER_NUMBER_OBJECT_CONVERSION = YES_AGGRESSIVE;
				CLANG_CXX_LANGUAGE_STANDARD = "gnu++20";
				CLANG_ENABLE_MODULES = YES;
				CLANG_ENABLE_OBJC_ARC = YES;
				CLANG_ENABLE_OBJC_WEAK = YES;
				CLANG_WARN_BLOCK_CAPTURE_AUTORELEASING = YES;
				CLANG_WARN_BOOL_CONVERSION = YES;
				CLANG_WARN_COMMA = YES;
				CLANG_WARN_CONSTANT_CONVERSION = YES;
				CLANG_WARN_DEPRECATED_OBJC_IMPLEMENTATIONS = YES;
				CLANG_WARN_DIRECT_OBJC_ISA_USAGE = YES_ERROR;
				CLANG_WARN_DOCUMENTATION_COMMENTS = YES;
				CLANG_WARN_EMPTY_BODY = YES;
				CLANG_WARN_ENUM_CONVERSION = YES;
				CLANG_WARN_INFINITE_RECURSION = YES;
				CLANG_WARN_INT_CONVERSION = YES;
				CLANG_WARN_NON_LITERAL_NULL_CONVERSION = YES;
				CLANG_WARN_OBJC_IMPLICIT_RETAIN_SELF = YES;
				CLANG_WARN_OBJC_LITERAL_CONVERSION = YES;
				CLANG_WARN_OBJC_ROOT_CLASS = YES_ERROR;
				CLANG_WARN_QUOTED_INCLUDE_IN_FRAMEWORK_HEADER = YES;
				CLANG_WARN_RANGE_LOOP_ANALYSIS = YES;
				CLANG_WARN_STRICT_PROTOTYPES = YES;
				CLANG_WARN_SUSPICIOUS_MOVE = YES;
				CLANG_WARN_UNGUARDED_AVAILABILITY = YES_AGGRESSIVE;
				CLANG_WARN_UNREACHABLE_CODE = YES;
				CLANG_WARN__DUPLICATE_METHOD_MATCH = YES;
				COPY_PHASE_STRIP = NO;
				DEBUG_INFORMATION_FORMAT = dwarf;
				DEVELOPMENT_TEAM = FY4NZR34Z3;
				ENABLE_STRICT_OBJC_MSGSEND = YES;
				ENABLE_TESTABILITY = YES;
				ENABLE_USER_SCRIPT_SANDBOXING = YES;
				GCC_C_LANGUAGE_STANDARD = gnu17;
				GCC_DYNAMIC_NO_PIC = NO;
				GCC_NO_COMMON_BLOCKS = YES;
				GCC_OPTIMIZATION_LEVEL = 0;
				GCC_PREPROCESSOR_DEFINITIONS = (
					"DEBUG=1",
					"$(inherited)",
				);
				GCC_WARN_64_TO_32_BIT_CONVERSION = YES;
				GCC_WARN_ABOUT_RETURN_TYPE = YES_ERROR;
				GCC_WARN_UNDECLARED_SELECTOR = YES;
				GCC_WARN_UNINITIALIZED_AUTOS = YES_AGGRESSIVE;
				GCC_WARN_UNUSED_FUNCTION = YES;
				GCC_WARN_UNUSED_VARIABLE = YES;
				IPHONEOS_DEPLOYMENT_TARGET = 18.2;
				LOCALIZATION_PREFERS_STRING_CATALOGS = YES;
				MTL_ENABLE_DEBUG_INFO = INCLUDE_SOURCE;
				MTL_FAST_MATH = YES;
				ONLY_ACTIVE_ARCH = YES;
				SDKROOT = iphoneos;
				STRING_CATALOG_GENERATE_SYMBOLS = YES;
				SWIFT_ACTIVE_COMPILATION_CONDITIONS = "DEBUG $(inherited)";
				SWIFT_OPTIMIZATION_LEVEL = "-Onone";
			};
			name = Debug;
		};
		D8A2B6A82DA4BA4C00EF8577 /* Release */ = {
			isa = XCBuildConfiguration;
			buildSettings = {
				ALWAYS_SEARCH_USER_PATHS = NO;
				ASSETCATALOG_COMPILER_GENERATE_SWIFT_ASSET_SYMBOL_EXTENSIONS = YES;
				CLANG_ANALYZER_NONNULL = YES;
				CLANG_ANALYZER_NUMBER_OBJECT_CONVERSION = YES_AGGRESSIVE;
				CLANG_CXX_LANGUAGE_STANDARD = "gnu++20";
				CLANG_ENABLE_MODULES = YES;
				CLANG_ENABLE_OBJC_ARC = YES;
				CLANG_ENABLE_OBJC_WEAK = YES;
				CLANG_WARN_BLOCK_CAPTURE_AUTORELEASING = YES;
				CLANG_WARN_BOOL_CONVERSION = YES;
				CLANG_WARN_COMMA = YES;
				CLANG_WARN_CONSTANT_CONVERSION = YES;
				CLANG_WARN_DEPRECATED_OBJC_IMPLEMENTATIONS = YES;
				CLANG_WARN_DIRECT_OBJC_ISA_USAGE = YES_ERROR;
				CLANG_WARN_DOCUMENTATION_COMMENTS = YES;
				CLANG_WARN_EMPTY_BODY = YES;
				CLANG_WARN_ENUM_CONVERSION = YES;
				CLANG_WARN_INFINITE_RECURSION = YES;
				CLANG_WARN_INT_CONVERSION = YES;
				CLANG_WARN_NON_LITERAL_NULL_CONVERSION = YES;
				CLANG_WARN_OBJC_IMPLICIT_RETAIN_SELF = YES;
				CLANG_WARN_OBJC_LITERAL_CONVERSION = YES;
				CLANG_WARN_OBJC_ROOT_CLASS = YES_ERROR;
				CLANG_WARN_QUOTED_INCLUDE_IN_FRAMEWORK_HEADER = YES;
				CLANG_WARN_RANGE_LOOP_ANALYSIS = YES;
				CLANG_WARN_STRICT_PROTOTYPES = YES;
				CLANG_WARN_SUSPICIOUS_MOVE = YES;
				CLANG_WARN_UNGUARDED_AVAILABILITY = YES_AGGRESSIVE;
				CLANG_WARN_UNREACHABLE_CODE = YES;
				CLANG_WARN__DUPLICATE_METHOD_MATCH = YES;
				COPY_PHASE_STRIP = NO;
				DEBUG_INFORMATION_FORMAT = "dwarf-with-dsym";
				DEVELOPMENT_TEAM = FY4NZR34Z3;
				ENABLE_NS_ASSERTIONS = NO;
				ENABLE_STRICT_OBJC_MSGSEND = YES;
				ENABLE_USER_SCRIPT_SANDBOXING = YES;
				GCC_C_LANGUAGE_STANDARD = gnu17;
				GCC_NO_COMMON_BLOCKS = YES;
				GCC_WARN_64_TO_32_BIT_CONVERSION = YES;
				GCC_WARN_ABOUT_RETURN_TYPE = YES_ERROR;
				GCC_WARN_UNDECLARED_SELECTOR = YES;
				GCC_WARN_UNINITIALIZED_AUTOS = YES_AGGRESSIVE;
				GCC_WARN_UNUSED_FUNCTION = YES;
				GCC_WARN_UNUSED_VARIABLE = YES;
				IPHONEOS_DEPLOYMENT_TARGET = 18.2;
				LOCALIZATION_PREFERS_STRING_CATALOGS = YES;
				MTL_ENABLE_DEBUG_INFO = NO;
				MTL_FAST_MATH = YES;
				SDKROOT = iphoneos;
				STRING_CATALOG_GENERATE_SYMBOLS = YES;
				SWIFT_COMPILATION_MODE = wholemodule;
				VALIDATE_PRODUCT = YES;
			};
			name = Release;
		};
/* End XCBuildConfiguration section */

/* Begin XCConfigurationList section */
		7ACA8BA92DE16DE200848799 /* Build configuration list for PBXNativeTarget "ConvosTests" */ = {
			isa = XCConfigurationList;
			buildConfigurations = (
				7ACA8BAA2DE16DE200848799 /* Debug */,
				7ACA8BAB2DE16DE200848799 /* Release */,
			);
			defaultConfigurationIsVisible = 0;
			defaultConfigurationName = Release;
		};
		7ADC0C912E2977820053978A /* Build configuration list for PBXNativeTarget "ConvosAppClip" */ = {
			isa = XCConfigurationList;
			buildConfigurations = (
				7ADC0C922E2977820053978A /* Debug */,
				7ADC0C932E2977820053978A /* Release */,
			);
			defaultConfigurationIsVisible = 0;
			defaultConfigurationName = Release;
		};
		7ADC0C952E2977820053978A /* Build configuration list for PBXNativeTarget "ConvosAppClipTests" */ = {
			isa = XCConfigurationList;
			buildConfigurations = (
				7ADC0C962E2977820053978A /* Debug */,
				7ADC0C972E2977820053978A /* Release */,
			);
			defaultConfigurationIsVisible = 0;
			defaultConfigurationName = Release;
		};
		7ADC0C982E2977820053978A /* Build configuration list for PBXNativeTarget "ConvosAppClipUITests" */ = {
			isa = XCConfigurationList;
			buildConfigurations = (
				7ADC0C992E2977820053978A /* Debug */,
				7ADC0C9A2E2977820053978A /* Release */,
			);
			defaultConfigurationIsVisible = 0;
			defaultConfigurationName = Release;
		};
		D808503D2DC94F4C00E708B0 /* Build configuration list for PBXNativeTarget "NotificationService" */ = {
			isa = XCConfigurationList;
			buildConfigurations = (
				D808503E2DC94F4C00E708B0 /* Debug */,
				D808503F2DC94F4C00E708B0 /* Release */,
			);
			defaultConfigurationIsVisible = 0;
			defaultConfigurationName = Release;
		};
		D8A2B68C2DA4BA4B00EF8577 /* Build configuration list for PBXProject "Convos" */ = {
			isa = XCConfigurationList;
			buildConfigurations = (
				D8A2B6A72DA4BA4C00EF8577 /* Debug */,
				D8A2B6A82DA4BA4C00EF8577 /* Release */,
			);
			defaultConfigurationIsVisible = 0;
			defaultConfigurationName = Release;
		};
		D8A2B6A42DA4BA4C00EF8577 /* Build configuration list for PBXNativeTarget "Convos" */ = {
			isa = XCConfigurationList;
			buildConfigurations = (
				D8A2B6A52DA4BA4C00EF8577 /* Debug */,
				D8A2B6A62DA4BA4C00EF8577 /* Release */,
			);
			defaultConfigurationIsVisible = 0;
			defaultConfigurationName = Release;
		};
/* End XCConfigurationList section */

/* Begin XCRemoteSwiftPackageReference section */
		7A1C3C732DB6F7AD00B723C0 /* XCRemoteSwiftPackageReference "posthog-ios" */ = {
			isa = XCRemoteSwiftPackageReference;
			repositoryURL = "https://github.com/PostHog/posthog-ios.git";
			requirement = {
				kind = upToNextMajorVersion;
				minimumVersion = 3.24.0;
			};
		};
		7A349B6C2DD6FF5400E526A3 /* XCRemoteSwiftPackageReference "GRDB.swift" */ = {
			isa = XCRemoteSwiftPackageReference;
			repositoryURL = "https://github.com/groue/GRDB.swift.git";
			requirement = {
				kind = exactVersion;
				version = 7.5.0;
			};
		};
		7A5200F62DF0EF0800D2C55D /* XCRemoteSwiftPackageReference "swift-sdk" */ = {
			isa = XCRemoteSwiftPackageReference;
			repositoryURL = "https://github.com/tkhq/swift-sdk.git";
			requirement = {
				kind = upToNextMajorVersion;
				minimumVersion = 2.2.0;
			};
		};
		7ACA83B02DDD19B200848799 /* XCRemoteSwiftPackageReference "swift-collections" */ = {
			isa = XCRemoteSwiftPackageReference;
			repositoryURL = "https://github.com/apple/swift-collections.git";
			requirement = {
				kind = upToNextMajorVersion;
				minimumVersion = 1.2.0;
			};
		};
		D8084BA72DC9193A00E708B0 /* XCRemoteSwiftPackageReference "DifferenceKit" */ = {
			isa = XCRemoteSwiftPackageReference;
			repositoryURL = "https://github.com/ra1028/DifferenceKit.git";
			requirement = {
				kind = upToNextMajorVersion;
				minimumVersion = 1.3.0;
			};
		};
		D80BAAC02DB2C36500C2FB42 /* XCRemoteSwiftPackageReference "sentry-cocoa" */ = {
			isa = XCRemoteSwiftPackageReference;
			repositoryURL = "https://github.com/getsentry/sentry-cocoa";
			requirement = {
				kind = upToNextMajorVersion;
				minimumVersion = 8.49.0;
			};
		};
		D80BAEE72DB2F1CD00C2FB42 /* XCRemoteSwiftPackageReference "SwiftLintPlugins" */ = {
			isa = XCRemoteSwiftPackageReference;
			repositoryURL = "https://github.com/SimplyDanny/SwiftLintPlugins";
			requirement = {
				kind = upToNextMajorVersion;
				minimumVersion = 0.59.1;
			};
		};
		D8B5A9022DC272BD006003A4 /* XCRemoteSwiftPackageReference "xmtp-ios" */ = {
			isa = XCRemoteSwiftPackageReference;
			repositoryURL = "https://github.com/xmtp/xmtp-ios.git";
			requirement = {
				kind = upToNextMajorVersion;
				minimumVersion = 4.3.0;
			};
		};
/* End XCRemoteSwiftPackageReference section */

/* Begin XCSwiftPackageProductDependency section */
		7A1C3C742DB6F7AD00B723C0 /* PostHog */ = {
			isa = XCSwiftPackageProductDependency;
			package = 7A1C3C732DB6F7AD00B723C0 /* XCRemoteSwiftPackageReference "posthog-ios" */;
			productName = PostHog;
		};
		7A349B6D2DD6FF5400E526A3 /* GRDB-dynamic */ = {
			isa = XCSwiftPackageProductDependency;
			package = 7A349B6C2DD6FF5400E526A3 /* XCRemoteSwiftPackageReference "GRDB.swift" */;
			productName = "GRDB-dynamic";
		};
		7A5200F72DF0EF0800D2C55D /* TurnkeyPasskeys */ = {
			isa = XCSwiftPackageProductDependency;
			package = 7A5200F62DF0EF0800D2C55D /* XCRemoteSwiftPackageReference "swift-sdk" */;
			productName = TurnkeyPasskeys;
		};
		7A5200F92DF0EF0800D2C55D /* TurnkeyStamper */ = {
			isa = XCSwiftPackageProductDependency;
			package = 7A5200F62DF0EF0800D2C55D /* XCRemoteSwiftPackageReference "swift-sdk" */;
			productName = TurnkeyStamper;
		};
		7A5200FB2DF0EF0800D2C55D /* TurnkeySwift */ = {
			isa = XCSwiftPackageProductDependency;
			package = 7A5200F62DF0EF0800D2C55D /* XCRemoteSwiftPackageReference "swift-sdk" */;
			productName = TurnkeySwift;
		};
		7A5201362DF0EFBC00D2C55D /* TurnkeyCrypto */ = {
			isa = XCSwiftPackageProductDependency;
			package = 7A5200F62DF0EF0800D2C55D /* XCRemoteSwiftPackageReference "swift-sdk" */;
			productName = TurnkeyCrypto;
		};
		7A5201382DF0F1E600D2C55D /* TurnkeyHttp */ = {
			isa = XCSwiftPackageProductDependency;
			package = 7A5200F62DF0EF0800D2C55D /* XCRemoteSwiftPackageReference "swift-sdk" */;
			productName = TurnkeyHttp;
		};
		7ACA83B12DDD19B200848799 /* OrderedCollections */ = {
			isa = XCSwiftPackageProductDependency;
			package = 7ACA83B02DDD19B200848799 /* XCRemoteSwiftPackageReference "swift-collections" */;
			productName = OrderedCollections;
		};
		7ACA8BC72DE17FF800848799 /* GRDB-dynamic */ = {
			isa = XCSwiftPackageProductDependency;
			package = 7A349B6C2DD6FF5400E526A3 /* XCRemoteSwiftPackageReference "GRDB.swift" */;
			productName = "GRDB-dynamic";
		};
		7ACA8BCB2DE1800500848799 /* XMTPiOS */ = {
			isa = XCSwiftPackageProductDependency;
			package = D8B5A9022DC272BD006003A4 /* XCRemoteSwiftPackageReference "xmtp-ios" */;
			productName = XMTPiOS;
		};
		D8084BA82DC9193A00E708B0 /* DifferenceKit */ = {
			isa = XCSwiftPackageProductDependency;
			package = D8084BA72DC9193A00E708B0 /* XCRemoteSwiftPackageReference "DifferenceKit" */;
			productName = DifferenceKit;
		};
		D8084C1B2DC91F1300E708B0 /* SwiftLintBuildToolPlugin */ = {
			isa = XCSwiftPackageProductDependency;
			package = D80BAEE72DB2F1CD00C2FB42 /* XCRemoteSwiftPackageReference "SwiftLintPlugins" */;
			productName = "plugin:SwiftLintBuildToolPlugin";
		};
		D80850412DC94FA000E708B0 /* SwiftLintBuildToolPlugin */ = {
			isa = XCSwiftPackageProductDependency;
			package = D80BAEE72DB2F1CD00C2FB42 /* XCRemoteSwiftPackageReference "SwiftLintPlugins" */;
			productName = "plugin:SwiftLintBuildToolPlugin";
		};
		D80BAAC12DB2C36500C2FB42 /* Sentry */ = {
			isa = XCSwiftPackageProductDependency;
			package = D80BAAC02DB2C36500C2FB42 /* XCRemoteSwiftPackageReference "sentry-cocoa" */;
			productName = Sentry;
		};
		D8B5A9032DC272BD006003A4 /* XMTPiOS */ = {
			isa = XCSwiftPackageProductDependency;
			package = D8B5A9022DC272BD006003A4 /* XCRemoteSwiftPackageReference "xmtp-ios" */;
			productName = XMTPiOS;
		};
/* End XCSwiftPackageProductDependency section */
	};
	rootObject = D8A2B6892DA4BA4B00EF8577 /* Project object */;
}
