// !$*UTF8*$!
{
	archiveVersion = 1;
	classes = {
	};
	objectVersion = 77;
	objects = {

/* Begin PBXBuildFile section */
		7A1C3C752DB6F7AD00B723C0 /* PostHog in Frameworks */ = {isa = PBXBuildFile; productRef = 7A1C3C742DB6F7AD00B723C0 /* PostHog */; };
		7A349B6E2DD6FF5400E526A3 /* GRDB-dynamic in Frameworks */ = {isa = PBXBuildFile; productRef = 7A349B6D2DD6FF5400E526A3 /* GRDB-dynamic */; };
		7A349CA62DD7017B00E526A3 /* GRDB-dynamic in Embed Frameworks */ = {isa = PBXBuildFile; productRef = 7A349B6D2DD6FF5400E526A3 /* GRDB-dynamic */; settings = {ATTRIBUTES = (CodeSignOnCopy, ); }; };
		7A349D042DD96EA400E526A3 /* PasskeyAuth in Frameworks */ = {isa = PBXBuildFile; productRef = 7A349D032DD96EA400E526A3 /* PasskeyAuth */; };
		7ACA83952DDC395600848799 /* SwiftCBOR in Frameworks */ = {isa = PBXBuildFile; productRef = 7ACA83942DDC395600848799 /* SwiftCBOR */; };
		7ACA83B22DDD19B200848799 /* OrderedCollections in Frameworks */ = {isa = PBXBuildFile; productRef = 7ACA83B12DDD19B200848799 /* OrderedCollections */; };
		7ACA8BC82DE17FF800848799 /* GRDB-dynamic in Frameworks */ = {isa = PBXBuildFile; productRef = 7ACA8BC72DE17FF800848799 /* GRDB-dynamic */; };
		7ACA8BCC2DE1800500848799 /* XMTPiOS in Frameworks */ = {isa = PBXBuildFile; productRef = 7ACA8BCB2DE1800500848799 /* XMTPiOS */; };
		7ACA8BCD2DE1806900848799 /* GRDB-dynamic in Embed Frameworks */ = {isa = PBXBuildFile; productRef = 7ACA8BC72DE17FF800848799 /* GRDB-dynamic */; settings = {ATTRIBUTES = (CodeSignOnCopy, ); }; };
		D8084BA92DC9193A00E708B0 /* DifferenceKit in Frameworks */ = {isa = PBXBuildFile; productRef = D8084BA82DC9193A00E708B0 /* DifferenceKit */; };
		D808503C2DC94F4C00E708B0 /* NotificationService.appex in Embed Foundation Extensions */ = {isa = PBXBuildFile; fileRef = D80850342DC94F4C00E708B0 /* NotificationService.appex */; settings = {ATTRIBUTES = (RemoveHeadersOnCopy, ); }; };
		D80BAAC22DB2C36500C2FB42 /* Sentry in Frameworks */ = {isa = PBXBuildFile; productRef = D80BAAC12DB2C36500C2FB42 /* Sentry */; };
		D834386F2DB19D8C00A50F45 /* Factory in Frameworks */ = {isa = PBXBuildFile; productRef = D834386E2DB19D8C00A50F45 /* Factory */; };
		D85B9B9F2DD26BC400831D58 /* (null) in Embed Frameworks */ = {isa = PBXBuildFile; settings = {ATTRIBUTES = (CodeSignOnCopy, ); }; };
		D8A2B6BB2DA4BBA400EF8577 /* AnchorKit in Frameworks */ = {isa = PBXBuildFile; productRef = D8A2B6BA2DA4BBA400EF8577 /* AnchorKit */; };
		D8B5A9042DC272BD006003A4 /* XMTPiOS in Frameworks */ = {isa = PBXBuildFile; productRef = D8B5A9032DC272BD006003A4 /* XMTPiOS */; };
/* End PBXBuildFile section */

/* Begin PBXContainerItemProxy section */
		7ACA8BA72DE16DE200848799 /* PBXContainerItemProxy */ = {
			isa = PBXContainerItemProxy;
			containerPortal = D8A2B6892DA4BA4B00EF8577 /* Project object */;
			proxyType = 1;
			remoteGlobalIDString = D8A2B6902DA4BA4B00EF8577;
			remoteInfo = Convos;
		};
		D80850392DC94F4C00E708B0 /* PBXContainerItemProxy */ = {
			isa = PBXContainerItemProxy;
			containerPortal = D8A2B6892DA4BA4B00EF8577 /* Project object */;
			proxyType = 1;
			remoteGlobalIDString = D80850332DC94F4C00E708B0;
			remoteInfo = NotificationService;
		};
/* End PBXContainerItemProxy section */

/* Begin PBXCopyFilesBuildPhase section */
		7ACA8BCA2DE17FF800848799 /* Embed Frameworks */ = {
			isa = PBXCopyFilesBuildPhase;
			buildActionMask = 2147483647;
			dstPath = "";
			dstSubfolderSpec = 10;
			files = (
				7ACA8BCD2DE1806900848799 /* GRDB-dynamic in Embed Frameworks */,
			);
			name = "Embed Frameworks";
			runOnlyForDeploymentPostprocessing = 0;
		};
		D808503B2DC94F4C00E708B0 /* Embed Foundation Extensions */ = {
			isa = PBXCopyFilesBuildPhase;
			buildActionMask = 2147483647;
			dstPath = "";
			dstSubfolderSpec = 13;
			files = (
				D808503C2DC94F4C00E708B0 /* NotificationService.appex in Embed Foundation Extensions */,
			);
			name = "Embed Foundation Extensions";
			runOnlyForDeploymentPostprocessing = 0;
		};
		D80850472DC94FF300E708B0 /* Embed Frameworks */ = {
			isa = PBXCopyFilesBuildPhase;
			buildActionMask = 2147483647;
			dstPath = "";
			dstSubfolderSpec = 10;
			files = (
			);
			name = "Embed Frameworks";
			runOnlyForDeploymentPostprocessing = 0;
		};
		D85B9BA02DD26BC400831D58 /* Embed Frameworks */ = {
			isa = PBXCopyFilesBuildPhase;
			buildActionMask = 2147483647;
			dstPath = "";
			dstSubfolderSpec = 10;
			files = (
				D85B9B9F2DD26BC400831D58 /* (null) in Embed Frameworks */,
				7A349CA62DD7017B00E526A3 /* GRDB-dynamic in Embed Frameworks */,
			);
			name = "Embed Frameworks";
			runOnlyForDeploymentPostprocessing = 0;
		};
/* End PBXCopyFilesBuildPhase section */

/* Begin PBXFileReference section */
		7A1C3C512DB6F75000B723C0 /* Convos.xcodeproj */ = {isa = PBXFileReference; lastKnownFileType = "wrapper.pb-project"; path = Convos.xcodeproj; sourceTree = "<group>"; };
		7A7BB1322DB6FF8E009B8BBF /* Convos.xcodeproj */ = {isa = PBXFileReference; lastKnownFileType = "wrapper.pb-project"; path = Convos.xcodeproj; sourceTree = "<group>"; };
		7ACA8BA32DE16DE200848799 /* ConvosTests.xctest */ = {isa = PBXFileReference; explicitFileType = wrapper.cfbundle; includeInIndex = 0; path = ConvosTests.xctest; sourceTree = BUILT_PRODUCTS_DIR; };
		D80850342DC94F4C00E708B0 /* NotificationService.appex */ = {isa = PBXFileReference; explicitFileType = "wrapper.app-extension"; includeInIndex = 0; path = NotificationService.appex; sourceTree = BUILT_PRODUCTS_DIR; };
		D8477AD42DCBA52F00E31E54 /* .env */ = {isa = PBXFileReference; lastKnownFileType = text; path = .env; sourceTree = "<group>"; };
		D8477AD52DCBA52F00E31E54 /* .env.example */ = {isa = PBXFileReference; lastKnownFileType = text; path = .env.example; sourceTree = "<group>"; };
		D8477AD62DCBA52F00E31E54 /* .env.local */ = {isa = PBXFileReference; lastKnownFileType = text; path = .env.local; sourceTree = "<group>"; };
		D8A2B6912DA4BA4B00EF8577 /* Convos.app */ = {isa = PBXFileReference; explicitFileType = wrapper.application; includeInIndex = 0; path = Convos.app; sourceTree = BUILT_PRODUCTS_DIR; };
/* End PBXFileReference section */

/* Begin PBXFileSystemSynchronizedBuildFileExceptionSet section */
		7ACA8BD52DE180B800848799 /* Exceptions for "Convos" folder in "ConvosTests" target */ = {
			isa = PBXFileSystemSynchronizedBuildFileExceptionSet;
			membershipExceptions = (
				"Convos SDK/Auth/AuthService.swift",
				"Convos SDK/Auth/KeychainService.swift",
				"Convos SDK/Auth/MockAuthService.swift",
				"Convos SDK/Auth/Secure Enclave/SecureEnclaveAuthService.swift",
				"Convos SDK/Auth/Secure Enclave/SecureEnclaveIdentityStore.swift",
				"Convos SDK/Core/ConvosSDK.swift",
				"Convos SDK/Messaging/Convos API/ConvosAPIClient.swift",
				"Convos SDK/Messaging/Convos API/ConvosAPIClient+Models.swift",
				"Convos SDK/Messaging/MessagingService.swift",
				"Convos SDK/Messaging/MessagingServiceProtocol.swift",
				"Convos SDK/Messaging/MockMessagingService.swift",
				"Convos SDK/Messaging/SyncingManager.swift",
				"Convos SDK/Messaging/XMTPClientProvider.swift",
				"Convos SDK/Mock Data Helpers/TextGenerator.swift",
				"Convos SDK/Shared/ConvosKeychainItem.swift",
				"Convos SDK/Shared/Data+Hex.swift",
				"Convos SDK/Shared/Data+JsonString.swift",
				"Convos SDK/Storage/DatabaseManager.swift",
				"Convos SDK/Storage/Hydration/DBConversationDetails+Conversation.swift",
				"Convos SDK/Storage/Hydration/DBMessage+MessagePreview.swift",
				"Convos SDK/Storage/Hydration/DBProfile+Profile.swift",
				"Convos SDK/Storage/MockDatabaseManager.swift",
				"Convos SDK/Storage/Models/Conversation.swift",
				"Convos SDK/Storage/Models/Database+CurrentUser.swift",
				"Convos SDK/Storage/Models/Member.swift",
				"Convos SDK/Storage/Models/Message.swift",
				"Convos SDK/Storage/Models/Profile.swift",
				"Convos SDK/Storage/Models/User.swift",
				"Convos SDK/Storage/Repositories/ConversationRepository.swift",
				"Convos SDK/Storage/Repositories/ConversationsRepository.swift",
				"Convos SDK/Storage/Repositories/DraftConversationRepository.swift",
				"Convos SDK/Storage/Repositories/MessagesRepository.swift",
				"Convos SDK/Storage/Repositories/Mocks/MockConversationsRepository.swift",
				"Convos SDK/Storage/Repositories/Mocks/MockUserRepository.swift",
				"Convos SDK/Storage/Repositories/ProfileSearchRepository.swift",
				"Convos SDK/Storage/Repositories/UserRepository.swift",
				"Convos SDK/Storage/SharedDatabaseMigrator.swift",
				"Convos SDK/Storage/Writers/ConversationWriter.swift",
				"Convos SDK/Storage/Writers/DraftConversationWriter.swift",
				"Convos SDK/Storage/Writers/IncomingMessageWriter.swift",
				"Convos SDK/Storage/Writers/MemberProfileWriter.swift",
				"Convos SDK/Storage/Writers/OutgoingMessageWriter.swift",
				"Convos SDK/Storage/Writers/UserWriter.swift",
				"Convos SDK/Storage/XMTP DB Representations/DecodedMessage+DBRepresentation.swift",
				"Convos SDK/Storage/XMTP DB Representations/MessageDeliveryStatus+DBRepresentation.swift",
				"Convos SDK/Storage/XMTP DB Representations/Reaction+DBRepresentation.swift",
				Logging/Logger.swift,
			);
			target = 7ACA8BA22DE16DE200848799 /* ConvosTests */;
		};
		7ACA8BFA2DE181B800848799 /* Exceptions for "Config" folder in "ConvosTests" target */ = {
			isa = PBXFileSystemSynchronizedBuildFileExceptionSet;
			membershipExceptions = (
				Secrets.swift,
			);
			target = 7ACA8BA22DE16DE200848799 /* ConvosTests */;
		};
		D80850402DC94F4C00E708B0 /* Exceptions for "NotificationService" folder in "NotificationService" target */ = {
			isa = PBXFileSystemSynchronizedBuildFileExceptionSet;
			membershipExceptions = (
				Info.plist,
			);
			target = D80850332DC94F4C00E708B0 /* NotificationService */;
		};
		D8A2B6A32DA4BA4C00EF8577 /* Exceptions for "Convos" folder in "Convos" target */ = {
			isa = PBXFileSystemSynchronizedBuildFileExceptionSet;
			membershipExceptions = (
				"Convos SDK/Auth/Turnkey/ConvosAPIClient+Turnkey.swift",
				"Convos SDK/Auth/Turnkey/TurnkeyAuthService.swift",
				"Convos SDK/Auth/Turnkey/TurnkeyOutput+Errors.swift",
				"Convos SDK/Auth/Turnkey/TurnkeySessionManager.swift",
				Info.plist,
			);
			target = D8A2B6902DA4BA4B00EF8577 /* Convos */;
		};
/* End PBXFileSystemSynchronizedBuildFileExceptionSet section */

/* Begin PBXFileSystemSynchronizedRootGroup section */
		7ACA8BA42DE16DE200848799 /* ConvosTests */ = {
			isa = PBXFileSystemSynchronizedRootGroup;
			path = ConvosTests;
			sourceTree = "<group>";
		};
		D80850352DC94F4C00E708B0 /* NotificationService */ = {
			isa = PBXFileSystemSynchronizedRootGroup;
			exceptions = (
				D80850402DC94F4C00E708B0 /* Exceptions for "NotificationService" folder in "NotificationService" target */,
			);
			path = NotificationService;
			sourceTree = "<group>";
		};
		D83A7ABA2DA5C98400879441 /* Config */ = {
			isa = PBXFileSystemSynchronizedRootGroup;
			exceptions = (
				7ACA8BFA2DE181B800848799 /* Exceptions for "Config" folder in "ConvosTests" target */,
			);
			path = Config;
			sourceTree = "<group>";
		};
		D8A2B6932DA4BA4B00EF8577 /* Convos */ = {
			isa = PBXFileSystemSynchronizedRootGroup;
			exceptions = (
				D8A2B6A32DA4BA4C00EF8577 /* Exceptions for "Convos" folder in "Convos" target */,
				7ACA8BD52DE180B800848799 /* Exceptions for "Convos" folder in "ConvosTests" target */,
			);
			path = Convos;
			sourceTree = "<group>";
		};
/* End PBXFileSystemSynchronizedRootGroup section */

/* Begin PBXFrameworksBuildPhase section */
		7ACA8BA02DE16DE200848799 /* Frameworks */ = {
			isa = PBXFrameworksBuildPhase;
			buildActionMask = 2147483647;
			files = (
				7ACA8BC82DE17FF800848799 /* GRDB-dynamic in Frameworks */,
				7ACA8BCC2DE1800500848799 /* XMTPiOS in Frameworks */,
			);
			runOnlyForDeploymentPostprocessing = 0;
		};
		D80850312DC94F4C00E708B0 /* Frameworks */ = {
			isa = PBXFrameworksBuildPhase;
			buildActionMask = 2147483647;
			files = (
			);
			runOnlyForDeploymentPostprocessing = 0;
		};
		D8A2B68E2DA4BA4B00EF8577 /* Frameworks */ = {
			isa = PBXFrameworksBuildPhase;
			buildActionMask = 2147483647;
			files = (
				7ACA83B22DDD19B200848799 /* OrderedCollections in Frameworks */,
				D834386F2DB19D8C00A50F45 /* Factory in Frameworks */,
				D8A2B6BB2DA4BBA400EF8577 /* AnchorKit in Frameworks */,
				D8084BA92DC9193A00E708B0 /* DifferenceKit in Frameworks */,
				D8B5A9042DC272BD006003A4 /* XMTPiOS in Frameworks */,
				7A349B6E2DD6FF5400E526A3 /* GRDB-dynamic in Frameworks */,
				7A349D042DD96EA400E526A3 /* PasskeyAuth in Frameworks */,
				7A1C3C752DB6F7AD00B723C0 /* PostHog in Frameworks */,
				D80BAAC22DB2C36500C2FB42 /* Sentry in Frameworks */,
				7ACA83952DDC395600848799 /* SwiftCBOR in Frameworks */,
			);
			runOnlyForDeploymentPostprocessing = 0;
		};
/* End PBXFrameworksBuildPhase section */

/* Begin PBXGroup section */
		7A1C3C552DB6F75000B723C0 /* Products */ = {
			isa = PBXGroup;
			children = (
			);
			name = Products;
			sourceTree = "<group>";
		};
		7A7BB1362DB6FF8E009B8BBF /* Products */ = {
			isa = PBXGroup;
			children = (
			);
			name = Products;
			sourceTree = "<group>";
		};
		7ACA8BC42DE17F2E00848799 /* Frameworks */ = {
			isa = PBXGroup;
			children = (
			);
			name = Frameworks;
			sourceTree = "<group>";
		};
		D8A2B6882DA4BA4B00EF8577 = {
			isa = PBXGroup;
			children = (
				D8477AD42DCBA52F00E31E54 /* .env */,
				D8477AD52DCBA52F00E31E54 /* .env.example */,
				D8477AD62DCBA52F00E31E54 /* .env.local */,
				D83A7ABA2DA5C98400879441 /* Config */,
				D8A2B6932DA4BA4B00EF8577 /* Convos */,
				D80850352DC94F4C00E708B0 /* NotificationService */,
				7ACA8BA42DE16DE200848799 /* ConvosTests */,
				7ACA8BC42DE17F2E00848799 /* Frameworks */,
				D8A2B6922DA4BA4B00EF8577 /* Products */,
			);
			sourceTree = "<group>";
		};
		D8A2B6922DA4BA4B00EF8577 /* Products */ = {
			isa = PBXGroup;
			children = (
				D8A2B6912DA4BA4B00EF8577 /* Convos.app */,
				D80850342DC94F4C00E708B0 /* NotificationService.appex */,
				7ACA8BA32DE16DE200848799 /* ConvosTests.xctest */,
			);
			name = Products;
			sourceTree = "<group>";
		};
/* End PBXGroup section */

/* Begin PBXNativeTarget section */
		7ACA8BA22DE16DE200848799 /* ConvosTests */ = {
			isa = PBXNativeTarget;
			buildConfigurationList = 7ACA8BA92DE16DE200848799 /* Build configuration list for PBXNativeTarget "ConvosTests" */;
			buildPhases = (
				7ACA8B9F2DE16DE200848799 /* Sources */,
				7ACA8BA02DE16DE200848799 /* Frameworks */,
				7ACA8BA12DE16DE200848799 /* Resources */,
				7ACA8BCA2DE17FF800848799 /* Embed Frameworks */,
			);
			buildRules = (
			);
			dependencies = (
				7ACA8BA82DE16DE200848799 /* PBXTargetDependency */,
			);
			fileSystemSynchronizedGroups = (
				7ACA8BA42DE16DE200848799 /* ConvosTests */,
			);
			name = ConvosTests;
			packageProductDependencies = (
				7ACA8BC72DE17FF800848799 /* GRDB-dynamic */,
				7ACA8BCB2DE1800500848799 /* XMTPiOS */,
			);
			productName = ConvosTests;
			productReference = 7ACA8BA32DE16DE200848799 /* ConvosTests.xctest */;
			productType = "com.apple.product-type.bundle.unit-test";
		};
		D80850332DC94F4C00E708B0 /* NotificationService */ = {
			isa = PBXNativeTarget;
			buildConfigurationList = D808503D2DC94F4C00E708B0 /* Build configuration list for PBXNativeTarget "NotificationService" */;
			buildPhases = (
				D80850302DC94F4C00E708B0 /* Sources */,
				D80850312DC94F4C00E708B0 /* Frameworks */,
				D80850322DC94F4C00E708B0 /* Resources */,
				D80850472DC94FF300E708B0 /* Embed Frameworks */,
			);
			buildRules = (
			);
			dependencies = (
				D80850422DC94FA000E708B0 /* PBXTargetDependency */,
			);
			fileSystemSynchronizedGroups = (
				D80850352DC94F4C00E708B0 /* NotificationService */,
			);
			name = NotificationService;
			productName = NotificationService;
			productReference = D80850342DC94F4C00E708B0 /* NotificationService.appex */;
			productType = "com.apple.product-type.app-extension";
		};
		D8A2B6902DA4BA4B00EF8577 /* Convos */ = {
			isa = PBXNativeTarget;
			buildConfigurationList = D8A2B6A42DA4BA4C00EF8577 /* Build configuration list for PBXNativeTarget "Convos" */;
			buildPhases = (
				D8A2B68D2DA4BA4B00EF8577 /* Sources */,
				D8A2B68E2DA4BA4B00EF8577 /* Frameworks */,
				D8A2B68F2DA4BA4B00EF8577 /* Resources */,
				D808503B2DC94F4C00E708B0 /* Embed Foundation Extensions */,
				D85B9BA02DD26BC400831D58 /* Embed Frameworks */,
			);
			buildRules = (
			);
			dependencies = (
				D8084C1C2DC91F1300E708B0 /* PBXTargetDependency */,
				D808503A2DC94F4C00E708B0 /* PBXTargetDependency */,
			);
			fileSystemSynchronizedGroups = (
				D83A7ABA2DA5C98400879441 /* Config */,
				D8A2B6932DA4BA4B00EF8577 /* Convos */,
			);
			name = Convos;
			packageProductDependencies = (
				D8A2B6BA2DA4BBA400EF8577 /* AnchorKit */,
				D834386E2DB19D8C00A50F45 /* Factory */,
				D80BAAC12DB2C36500C2FB42 /* Sentry */,
				7A1C3C742DB6F7AD00B723C0 /* PostHog */,
				D8B5A9032DC272BD006003A4 /* XMTPiOS */,
				D8084BA82DC9193A00E708B0 /* DifferenceKit */,
				7A349B6D2DD6FF5400E526A3 /* GRDB-dynamic */,
				7A349D032DD96EA400E526A3 /* PasskeyAuth */,
				7ACA83942DDC395600848799 /* SwiftCBOR */,
				7ACA83B12DDD19B200848799 /* OrderedCollections */,
			);
			productName = Convos;
			productReference = D8A2B6912DA4BA4B00EF8577 /* Convos.app */;
			productType = "com.apple.product-type.application";
		};
/* End PBXNativeTarget section */

/* Begin PBXProject section */
		D8A2B6892DA4BA4B00EF8577 /* Project object */ = {
			isa = PBXProject;
			attributes = {
				BuildIndependentTargetsInParallel = 1;
				LastSwiftUpdateCheck = 1630;
				LastUpgradeCheck = 1630;
				TargetAttributes = {
					7ACA8BA22DE16DE200848799 = {
						CreatedOnToolsVersion = 16.3;
					};
					D80850332DC94F4C00E708B0 = {
						CreatedOnToolsVersion = 16.3;
					};
					D8A2B6902DA4BA4B00EF8577 = {
						CreatedOnToolsVersion = 16.2;
					};
				};
			};
			buildConfigurationList = D8A2B68C2DA4BA4B00EF8577 /* Build configuration list for PBXProject "Convos" */;
			developmentRegion = en;
			hasScannedForEncodings = 0;
			knownRegions = (
				en,
				Base,
			);
			mainGroup = D8A2B6882DA4BA4B00EF8577;
			minimizedProjectReferenceProxies = 1;
			packageReferences = (
				D8A2B6B92DA4BBA400EF8577 /* XCRemoteSwiftPackageReference "AnchorKit" */,
				D834386D2DB19D8C00A50F45 /* XCRemoteSwiftPackageReference "Factory" */,
				D80BAAC02DB2C36500C2FB42 /* XCRemoteSwiftPackageReference "sentry-cocoa" */,
				D80BAEE72DB2F1CD00C2FB42 /* XCRemoteSwiftPackageReference "SwiftLintPlugins" */,
				7A1C3C732DB6F7AD00B723C0 /* XCRemoteSwiftPackageReference "posthog-ios" */,
				D8B5A9022DC272BD006003A4 /* XCRemoteSwiftPackageReference "xmtp-ios" */,
				D8084BA72DC9193A00E708B0 /* XCRemoteSwiftPackageReference "DifferenceKit" */,
				7A349B6C2DD6FF5400E526A3 /* XCRemoteSwiftPackageReference "GRDB.swift" */,
				7A349D022DD96EA400E526A3 /* XCRemoteSwiftPackageReference "PasskeyAuth" */,
				7ACA83932DDC395600848799 /* XCRemoteSwiftPackageReference "SwiftCBOR" */,
				7ACA83B02DDD19B200848799 /* XCRemoteSwiftPackageReference "swift-collections" */,
			);
			preferredProjectObjectVersion = 77;
			productRefGroup = D8A2B6922DA4BA4B00EF8577 /* Products */;
			projectDirPath = "";
			projectReferences = (
				{
					ProductGroup = 7A7BB1362DB6FF8E009B8BBF /* Products */;
					ProjectRef = 7A7BB1322DB6FF8E009B8BBF /* Convos.xcodeproj */;
				},
				{
					ProductGroup = 7A1C3C552DB6F75000B723C0 /* Products */;
					ProjectRef = 7A1C3C512DB6F75000B723C0 /* Convos.xcodeproj */;
				},
			);
			projectRoot = "";
			targets = (
				D8A2B6902DA4BA4B00EF8577 /* Convos */,
				D80850332DC94F4C00E708B0 /* NotificationService */,
				7ACA8BA22DE16DE200848799 /* ConvosTests */,
			);
		};
/* End PBXProject section */

/* Begin PBXResourcesBuildPhase section */
		7ACA8BA12DE16DE200848799 /* Resources */ = {
			isa = PBXResourcesBuildPhase;
			buildActionMask = 2147483647;
			files = (
			);
			runOnlyForDeploymentPostprocessing = 0;
		};
		D80850322DC94F4C00E708B0 /* Resources */ = {
			isa = PBXResourcesBuildPhase;
			buildActionMask = 2147483647;
			files = (
			);
			runOnlyForDeploymentPostprocessing = 0;
		};
		D8A2B68F2DA4BA4B00EF8577 /* Resources */ = {
			isa = PBXResourcesBuildPhase;
			buildActionMask = 2147483647;
			files = (
			);
			runOnlyForDeploymentPostprocessing = 0;
		};
/* End PBXResourcesBuildPhase section */

/* Begin PBXSourcesBuildPhase section */
		7ACA8B9F2DE16DE200848799 /* Sources */ = {
			isa = PBXSourcesBuildPhase;
			buildActionMask = 2147483647;
			files = (
			);
			runOnlyForDeploymentPostprocessing = 0;
		};
		D80850302DC94F4C00E708B0 /* Sources */ = {
			isa = PBXSourcesBuildPhase;
			buildActionMask = 2147483647;
			files = (
			);
			runOnlyForDeploymentPostprocessing = 0;
		};
		D8A2B68D2DA4BA4B00EF8577 /* Sources */ = {
			isa = PBXSourcesBuildPhase;
			buildActionMask = 2147483647;
			files = (
			);
			runOnlyForDeploymentPostprocessing = 0;
		};
/* End PBXSourcesBuildPhase section */

/* Begin PBXTargetDependency section */
		7ACA8BA82DE16DE200848799 /* PBXTargetDependency */ = {
			isa = PBXTargetDependency;
			target = D8A2B6902DA4BA4B00EF8577 /* Convos */;
			targetProxy = 7ACA8BA72DE16DE200848799 /* PBXContainerItemProxy */;
		};
		D8084C1C2DC91F1300E708B0 /* PBXTargetDependency */ = {
			isa = PBXTargetDependency;
			productRef = D8084C1B2DC91F1300E708B0 /* SwiftLintBuildToolPlugin */;
		};
		D808503A2DC94F4C00E708B0 /* PBXTargetDependency */ = {
			isa = PBXTargetDependency;
			target = D80850332DC94F4C00E708B0 /* NotificationService */;
			targetProxy = D80850392DC94F4C00E708B0 /* PBXContainerItemProxy */;
		};
		D80850422DC94FA000E708B0 /* PBXTargetDependency */ = {
			isa = PBXTargetDependency;
			productRef = D80850412DC94FA000E708B0 /* SwiftLintBuildToolPlugin */;
		};
/* End PBXTargetDependency section */

/* Begin XCBuildConfiguration section */
		7ACA8BAA2DE16DE200848799 /* Debug */ = {
			isa = XCBuildConfiguration;
			buildSettings = {
				CODE_SIGN_STYLE = Automatic;
				CURRENT_PROJECT_VERSION = 1;
				DEVELOPMENT_TEAM = FY4NZR34Z3;
				GENERATE_INFOPLIST_FILE = YES;
				IPHONEOS_DEPLOYMENT_TARGET = 18.4;
				MARKETING_VERSION = 1.0;
				PRODUCT_BUNDLE_IDENTIFIER = com.xmtp.ConvosTests;
				PRODUCT_NAME = "$(TARGET_NAME)";
				SWIFT_EMIT_LOC_STRINGS = NO;
				SWIFT_VERSION = 5.0;
				TARGETED_DEVICE_FAMILY = "1,2";
			};
			name = Debug;
		};
		7ACA8BAB2DE16DE200848799 /* Release */ = {
			isa = XCBuildConfiguration;
			buildSettings = {
				CODE_SIGN_STYLE = Automatic;
				CURRENT_PROJECT_VERSION = 1;
				DEVELOPMENT_TEAM = FY4NZR34Z3;
				GENERATE_INFOPLIST_FILE = YES;
				IPHONEOS_DEPLOYMENT_TARGET = 18.4;
				MARKETING_VERSION = 1.0;
				PRODUCT_BUNDLE_IDENTIFIER = com.xmtp.ConvosTests;
				PRODUCT_NAME = "$(TARGET_NAME)";
				SWIFT_EMIT_LOC_STRINGS = NO;
				SWIFT_VERSION = 5.0;
				TARGETED_DEVICE_FAMILY = "1,2";
			};
			name = Release;
		};
		D808503E2DC94F4C00E708B0 /* Debug */ = {
			isa = XCBuildConfiguration;
			buildSettings = {
				CODE_SIGN_STYLE = Automatic;
				CURRENT_PROJECT_VERSION = 12;
				GENERATE_INFOPLIST_FILE = YES;
				INFOPLIST_FILE = NotificationService/Info.plist;
				INFOPLIST_KEY_CFBundleDisplayName = NotificationService;
				INFOPLIST_KEY_NSHumanReadableCopyright = "";
				IPHONEOS_DEPLOYMENT_TARGET = 18.4;
				LD_RUNPATH_SEARCH_PATHS = (
					"$(inherited)",
					"@executable_path/Frameworks",
					"@executable_path/../../Frameworks",
				);
				MARKETING_VERSION = 1.0.0;
				PRODUCT_BUNDLE_IDENTIFIER = org.convos.ios.NotificationService;
				PRODUCT_NAME = "$(TARGET_NAME)";
				SKIP_INSTALL = YES;
				SWIFT_EMIT_LOC_STRINGS = YES;
				SWIFT_VERSION = 5.0;
				TARGETED_DEVICE_FAMILY = "1,2";
			};
			name = Debug;
		};
		D808503F2DC94F4C00E708B0 /* Release */ = {
			isa = XCBuildConfiguration;
			buildSettings = {
				CODE_SIGN_STYLE = Automatic;
				CURRENT_PROJECT_VERSION = 12;
				GENERATE_INFOPLIST_FILE = YES;
				INFOPLIST_FILE = NotificationService/Info.plist;
				INFOPLIST_KEY_CFBundleDisplayName = NotificationService;
				INFOPLIST_KEY_NSHumanReadableCopyright = "";
				IPHONEOS_DEPLOYMENT_TARGET = 18.4;
				LD_RUNPATH_SEARCH_PATHS = (
					"$(inherited)",
					"@executable_path/Frameworks",
					"@executable_path/../../Frameworks",
				);
				MARKETING_VERSION = 1.0.0;
				PRODUCT_BUNDLE_IDENTIFIER = org.convos.ios.NotificationService;
				PRODUCT_NAME = "$(TARGET_NAME)";
				SKIP_INSTALL = YES;
				SWIFT_EMIT_LOC_STRINGS = YES;
				SWIFT_VERSION = 5.0;
				TARGETED_DEVICE_FAMILY = "1,2";
			};
			name = Release;
		};
		D8A2B6A52DA4BA4C00EF8577 /* Debug */ = {
			isa = XCBuildConfiguration;
			buildSettings = {
				ASSETCATALOG_COMPILER_APPICON_NAME = AppIcon;
				ASSETCATALOG_COMPILER_GLOBAL_ACCENT_COLOR_NAME = AccentColor;
				CODE_SIGN_ENTITLEMENTS = Convos/Convos.entitlements;
				CODE_SIGN_STYLE = Automatic;
				CURRENT_PROJECT_VERSION = 12;
				GENERATE_INFOPLIST_FILE = YES;
				INFOPLIST_FILE = Convos/Info.plist;
				INFOPLIST_KEY_ITSAppUsesNonExemptEncryption = NO;
				INFOPLIST_KEY_UIApplicationSupportsIndirectInputEvents = YES;
				INFOPLIST_KEY_UILaunchStoryboardName = LaunchScreen;
				INFOPLIST_KEY_UISupportedInterfaceOrientations_iPad = "UIInterfaceOrientationPortrait UIInterfaceOrientationPortraitUpsideDown UIInterfaceOrientationLandscapeLeft UIInterfaceOrientationLandscapeRight";
				INFOPLIST_KEY_UISupportedInterfaceOrientations_iPhone = "UIInterfaceOrientationPortrait UIInterfaceOrientationLandscapeLeft UIInterfaceOrientationLandscapeRight";
				LD_RUNPATH_SEARCH_PATHS = (
					"$(inherited)",
					"@executable_path/Frameworks",
				);
				MARKETING_VERSION = 1.0.0;
				PRODUCT_BUNDLE_IDENTIFIER = org.convos.ios;
				PRODUCT_NAME = "$(TARGET_NAME)";
				SWIFT_EMIT_LOC_STRINGS = YES;
				SWIFT_VERSION = 5.0;
				TARGETED_DEVICE_FAMILY = "1,2";
			};
			name = Debug;
		};
		D8A2B6A62DA4BA4C00EF8577 /* Release */ = {
			isa = XCBuildConfiguration;
			buildSettings = {
				ASSETCATALOG_COMPILER_APPICON_NAME = AppIcon;
				ASSETCATALOG_COMPILER_GLOBAL_ACCENT_COLOR_NAME = AccentColor;
				CODE_SIGN_ENTITLEMENTS = Convos/Convos.entitlements;
				CODE_SIGN_STYLE = Automatic;
				CURRENT_PROJECT_VERSION = 12;
				GENERATE_INFOPLIST_FILE = YES;
				INFOPLIST_FILE = Convos/Info.plist;
				INFOPLIST_KEY_ITSAppUsesNonExemptEncryption = NO;
				INFOPLIST_KEY_UIApplicationSupportsIndirectInputEvents = YES;
				INFOPLIST_KEY_UILaunchStoryboardName = LaunchScreen;
				INFOPLIST_KEY_UISupportedInterfaceOrientations_iPad = "UIInterfaceOrientationPortrait UIInterfaceOrientationPortraitUpsideDown UIInterfaceOrientationLandscapeLeft UIInterfaceOrientationLandscapeRight";
				INFOPLIST_KEY_UISupportedInterfaceOrientations_iPhone = "UIInterfaceOrientationPortrait UIInterfaceOrientationLandscapeLeft UIInterfaceOrientationLandscapeRight";
				LD_RUNPATH_SEARCH_PATHS = (
					"$(inherited)",
					"@executable_path/Frameworks",
				);
				MARKETING_VERSION = 1.0.0;
				PRODUCT_BUNDLE_IDENTIFIER = org.convos.ios;
				PRODUCT_NAME = "$(TARGET_NAME)";
				SWIFT_EMIT_LOC_STRINGS = YES;
				SWIFT_VERSION = 5.0;
				TARGETED_DEVICE_FAMILY = "1,2";
			};
			name = Release;
		};
		D8A2B6A72DA4BA4C00EF8577 /* Debug */ = {
			isa = XCBuildConfiguration;
			buildSettings = {
				ALWAYS_SEARCH_USER_PATHS = NO;
				ASSETCATALOG_COMPILER_GENERATE_SWIFT_ASSET_SYMBOL_EXTENSIONS = YES;
				CLANG_ANALYZER_NONNULL = YES;
				CLANG_ANALYZER_NUMBER_OBJECT_CONVERSION = YES_AGGRESSIVE;
				CLANG_CXX_LANGUAGE_STANDARD = "gnu++20";
				CLANG_ENABLE_MODULES = YES;
				CLANG_ENABLE_OBJC_ARC = YES;
				CLANG_ENABLE_OBJC_WEAK = YES;
				CLANG_WARN_BLOCK_CAPTURE_AUTORELEASING = YES;
				CLANG_WARN_BOOL_CONVERSION = YES;
				CLANG_WARN_COMMA = YES;
				CLANG_WARN_CONSTANT_CONVERSION = YES;
				CLANG_WARN_DEPRECATED_OBJC_IMPLEMENTATIONS = YES;
				CLANG_WARN_DIRECT_OBJC_ISA_USAGE = YES_ERROR;
				CLANG_WARN_DOCUMENTATION_COMMENTS = YES;
				CLANG_WARN_EMPTY_BODY = YES;
				CLANG_WARN_ENUM_CONVERSION = YES;
				CLANG_WARN_INFINITE_RECURSION = YES;
				CLANG_WARN_INT_CONVERSION = YES;
				CLANG_WARN_NON_LITERAL_NULL_CONVERSION = YES;
				CLANG_WARN_OBJC_IMPLICIT_RETAIN_SELF = YES;
				CLANG_WARN_OBJC_LITERAL_CONVERSION = YES;
				CLANG_WARN_OBJC_ROOT_CLASS = YES_ERROR;
				CLANG_WARN_QUOTED_INCLUDE_IN_FRAMEWORK_HEADER = YES;
				CLANG_WARN_RANGE_LOOP_ANALYSIS = YES;
				CLANG_WARN_STRICT_PROTOTYPES = YES;
				CLANG_WARN_SUSPICIOUS_MOVE = YES;
				CLANG_WARN_UNGUARDED_AVAILABILITY = YES_AGGRESSIVE;
				CLANG_WARN_UNREACHABLE_CODE = YES;
				CLANG_WARN__DUPLICATE_METHOD_MATCH = YES;
				COPY_PHASE_STRIP = NO;
				DEBUG_INFORMATION_FORMAT = dwarf;
				DEVELOPMENT_TEAM = FY4NZR34Z3;
				ENABLE_STRICT_OBJC_MSGSEND = YES;
				ENABLE_TESTABILITY = YES;
				ENABLE_USER_SCRIPT_SANDBOXING = YES;
				GCC_C_LANGUAGE_STANDARD = gnu17;
				GCC_DYNAMIC_NO_PIC = NO;
				GCC_NO_COMMON_BLOCKS = YES;
				GCC_OPTIMIZATION_LEVEL = 0;
				GCC_PREPROCESSOR_DEFINITIONS = (
					"DEBUG=1",
					"$(inherited)",
				);
				GCC_WARN_64_TO_32_BIT_CONVERSION = YES;
				GCC_WARN_ABOUT_RETURN_TYPE = YES_ERROR;
				GCC_WARN_UNDECLARED_SELECTOR = YES;
				GCC_WARN_UNINITIALIZED_AUTOS = YES_AGGRESSIVE;
				GCC_WARN_UNUSED_FUNCTION = YES;
				GCC_WARN_UNUSED_VARIABLE = YES;
				IPHONEOS_DEPLOYMENT_TARGET = 18.2;
				LOCALIZATION_PREFERS_STRING_CATALOGS = YES;
				MTL_ENABLE_DEBUG_INFO = INCLUDE_SOURCE;
				MTL_FAST_MATH = YES;
				ONLY_ACTIVE_ARCH = YES;
				SDKROOT = iphoneos;
				SWIFT_ACTIVE_COMPILATION_CONDITIONS = "DEBUG $(inherited)";
				SWIFT_OPTIMIZATION_LEVEL = "-Onone";
			};
			name = Debug;
		};
		D8A2B6A82DA4BA4C00EF8577 /* Release */ = {
			isa = XCBuildConfiguration;
			buildSettings = {
				ALWAYS_SEARCH_USER_PATHS = NO;
				ASSETCATALOG_COMPILER_GENERATE_SWIFT_ASSET_SYMBOL_EXTENSIONS = YES;
				CLANG_ANALYZER_NONNULL = YES;
				CLANG_ANALYZER_NUMBER_OBJECT_CONVERSION = YES_AGGRESSIVE;
				CLANG_CXX_LANGUAGE_STANDARD = "gnu++20";
				CLANG_ENABLE_MODULES = YES;
				CLANG_ENABLE_OBJC_ARC = YES;
				CLANG_ENABLE_OBJC_WEAK = YES;
				CLANG_WARN_BLOCK_CAPTURE_AUTORELEASING = YES;
				CLANG_WARN_BOOL_CONVERSION = YES;
				CLANG_WARN_COMMA = YES;
				CLANG_WARN_CONSTANT_CONVERSION = YES;
				CLANG_WARN_DEPRECATED_OBJC_IMPLEMENTATIONS = YES;
				CLANG_WARN_DIRECT_OBJC_ISA_USAGE = YES_ERROR;
				CLANG_WARN_DOCUMENTATION_COMMENTS = YES;
				CLANG_WARN_EMPTY_BODY = YES;
				CLANG_WARN_ENUM_CONVERSION = YES;
				CLANG_WARN_INFINITE_RECURSION = YES;
				CLANG_WARN_INT_CONVERSION = YES;
				CLANG_WARN_NON_LITERAL_NULL_CONVERSION = YES;
				CLANG_WARN_OBJC_IMPLICIT_RETAIN_SELF = YES;
				CLANG_WARN_OBJC_LITERAL_CONVERSION = YES;
				CLANG_WARN_OBJC_ROOT_CLASS = YES_ERROR;
				CLANG_WARN_QUOTED_INCLUDE_IN_FRAMEWORK_HEADER = YES;
				CLANG_WARN_RANGE_LOOP_ANALYSIS = YES;
				CLANG_WARN_STRICT_PROTOTYPES = YES;
				CLANG_WARN_SUSPICIOUS_MOVE = YES;
				CLANG_WARN_UNGUARDED_AVAILABILITY = YES_AGGRESSIVE;
				CLANG_WARN_UNREACHABLE_CODE = YES;
				CLANG_WARN__DUPLICATE_METHOD_MATCH = YES;
				COPY_PHASE_STRIP = NO;
				DEBUG_INFORMATION_FORMAT = "dwarf-with-dsym";
				DEVELOPMENT_TEAM = FY4NZR34Z3;
				ENABLE_NS_ASSERTIONS = NO;
				ENABLE_STRICT_OBJC_MSGSEND = YES;
				ENABLE_USER_SCRIPT_SANDBOXING = YES;
				GCC_C_LANGUAGE_STANDARD = gnu17;
				GCC_NO_COMMON_BLOCKS = YES;
				GCC_WARN_64_TO_32_BIT_CONVERSION = YES;
				GCC_WARN_ABOUT_RETURN_TYPE = YES_ERROR;
				GCC_WARN_UNDECLARED_SELECTOR = YES;
				GCC_WARN_UNINITIALIZED_AUTOS = YES_AGGRESSIVE;
				GCC_WARN_UNUSED_FUNCTION = YES;
				GCC_WARN_UNUSED_VARIABLE = YES;
				IPHONEOS_DEPLOYMENT_TARGET = 18.2;
				LOCALIZATION_PREFERS_STRING_CATALOGS = YES;
				MTL_ENABLE_DEBUG_INFO = NO;
				MTL_FAST_MATH = YES;
				SDKROOT = iphoneos;
				SWIFT_COMPILATION_MODE = wholemodule;
				VALIDATE_PRODUCT = YES;
			};
			name = Release;
		};
/* End XCBuildConfiguration section */

/* Begin XCConfigurationList section */
		7ACA8BA92DE16DE200848799 /* Build configuration list for PBXNativeTarget "ConvosTests" */ = {
			isa = XCConfigurationList;
			buildConfigurations = (
				7ACA8BAA2DE16DE200848799 /* Debug */,
				7ACA8BAB2DE16DE200848799 /* Release */,
			);
			defaultConfigurationIsVisible = 0;
			defaultConfigurationName = Release;
		};
		D808503D2DC94F4C00E708B0 /* Build configuration list for PBXNativeTarget "NotificationService" */ = {
			isa = XCConfigurationList;
			buildConfigurations = (
				D808503E2DC94F4C00E708B0 /* Debug */,
				D808503F2DC94F4C00E708B0 /* Release */,
			);
			defaultConfigurationIsVisible = 0;
			defaultConfigurationName = Release;
		};
		D8A2B68C2DA4BA4B00EF8577 /* Build configuration list for PBXProject "Convos" */ = {
			isa = XCConfigurationList;
			buildConfigurations = (
				D8A2B6A72DA4BA4C00EF8577 /* Debug */,
				D8A2B6A82DA4BA4C00EF8577 /* Release */,
			);
			defaultConfigurationIsVisible = 0;
			defaultConfigurationName = Release;
		};
		D8A2B6A42DA4BA4C00EF8577 /* Build configuration list for PBXNativeTarget "Convos" */ = {
			isa = XCConfigurationList;
			buildConfigurations = (
				D8A2B6A52DA4BA4C00EF8577 /* Debug */,
				D8A2B6A62DA4BA4C00EF8577 /* Release */,
			);
			defaultConfigurationIsVisible = 0;
			defaultConfigurationName = Release;
		};
/* End XCConfigurationList section */

/* Begin XCRemoteSwiftPackageReference section */
		7A1C3C732DB6F7AD00B723C0 /* XCRemoteSwiftPackageReference "posthog-ios" */ = {
			isa = XCRemoteSwiftPackageReference;
			repositoryURL = "https://github.com/PostHog/posthog-ios.git";
			requirement = {
				kind = upToNextMajorVersion;
				minimumVersion = 3.24.0;
			};
		};
		7A349B6C2DD6FF5400E526A3 /* XCRemoteSwiftPackageReference "GRDB.swift" */ = {
			isa = XCRemoteSwiftPackageReference;
			repositoryURL = "https://github.com/groue/GRDB.swift.git";
			requirement = {
				kind = exactVersion;
				version = 7.5.0;
			};
		};
		7A349D022DD96EA400E526A3 /* XCRemoteSwiftPackageReference "PasskeyAuth" */ = {
			isa = XCRemoteSwiftPackageReference;
			repositoryURL = "https://github.com/ephemeraHQ/PasskeyAuth";
			requirement = {
				branch = main;
				kind = branch;
			};
		};
		7ACA83932DDC395600848799 /* XCRemoteSwiftPackageReference "SwiftCBOR" */ = {
			isa = XCRemoteSwiftPackageReference;
			repositoryURL = "https://github.com/valpackett/SwiftCBOR";
			requirement = {
				branch = master;
				kind = branch;
			};
		};
		7ACA83B02DDD19B200848799 /* XCRemoteSwiftPackageReference "swift-collections" */ = {
			isa = XCRemoteSwiftPackageReference;
			repositoryURL = "https://github.com/apple/swift-collections.git";
			requirement = {
				kind = upToNextMajorVersion;
				minimumVersion = 1.2.0;
			};
		};
		D8084BA72DC9193A00E708B0 /* XCRemoteSwiftPackageReference "DifferenceKit" */ = {
			isa = XCRemoteSwiftPackageReference;
			repositoryURL = "https://github.com/ra1028/DifferenceKit.git";
			requirement = {
				kind = upToNextMajorVersion;
				minimumVersion = 1.3.0;
			};
		};
		D80BAAC02DB2C36500C2FB42 /* XCRemoteSwiftPackageReference "sentry-cocoa" */ = {
			isa = XCRemoteSwiftPackageReference;
			repositoryURL = "https://github.com/getsentry/sentry-cocoa";
			requirement = {
				kind = upToNextMajorVersion;
				minimumVersion = 8.49.0;
			};
		};
		D80BAEE72DB2F1CD00C2FB42 /* XCRemoteSwiftPackageReference "SwiftLintPlugins" */ = {
			isa = XCRemoteSwiftPackageReference;
			repositoryURL = "https://github.com/SimplyDanny/SwiftLintPlugins";
			requirement = {
				kind = upToNextMajorVersion;
				minimumVersion = 0.59.1;
			};
		};
		D834386D2DB19D8C00A50F45 /* XCRemoteSwiftPackageReference "Factory" */ = {
			isa = XCRemoteSwiftPackageReference;
			repositoryURL = "https://github.com/hmlongco/Factory";
			requirement = {
				kind = upToNextMajorVersion;
				minimumVersion = 2.4.3;
			};
		};
		D8A2B6B92DA4BBA400EF8577 /* XCRemoteSwiftPackageReference "AnchorKit" */ = {
			isa = XCRemoteSwiftPackageReference;
			repositoryURL = "https://github.com/Weebly/AnchorKit.git";
			requirement = {
				kind = upToNextMajorVersion;
				minimumVersion = 3.0.3;
			};
		};
		D8B5A9022DC272BD006003A4 /* XCRemoteSwiftPackageReference "xmtp-ios" */ = {
			isa = XCRemoteSwiftPackageReference;
			repositoryURL = "https://github.com/xmtp/xmtp-ios.git";
			requirement = {
				kind = upToNextMajorVersion;
				minimumVersion = 4.0.7;
			};
		};
/* End XCRemoteSwiftPackageReference section */

/* Begin XCSwiftPackageProductDependency section */
		7A1C3C742DB6F7AD00B723C0 /* PostHog */ = {
			isa = XCSwiftPackageProductDependency;
			package = 7A1C3C732DB6F7AD00B723C0 /* XCRemoteSwiftPackageReference "posthog-ios" */;
			productName = PostHog;
		};
		7A349B6D2DD6FF5400E526A3 /* GRDB-dynamic */ = {
			isa = XCSwiftPackageProductDependency;
			package = 7A349B6C2DD6FF5400E526A3 /* XCRemoteSwiftPackageReference "GRDB.swift" */;
			productName = "GRDB-dynamic";
		};
		7A349D032DD96EA400E526A3 /* PasskeyAuth */ = {
			isa = XCSwiftPackageProductDependency;
			package = 7A349D022DD96EA400E526A3 /* XCRemoteSwiftPackageReference "PasskeyAuth" */;
			productName = PasskeyAuth;
		};
		7ACA83942DDC395600848799 /* SwiftCBOR */ = {
			isa = XCSwiftPackageProductDependency;
			package = 7ACA83932DDC395600848799 /* XCRemoteSwiftPackageReference "SwiftCBOR" */;
			productName = SwiftCBOR;
		};
		7ACA83B12DDD19B200848799 /* OrderedCollections */ = {
			isa = XCSwiftPackageProductDependency;
			package = 7ACA83B02DDD19B200848799 /* XCRemoteSwiftPackageReference "swift-collections" */;
			productName = OrderedCollections;
		};
		7ACA8BC72DE17FF800848799 /* GRDB-dynamic */ = {
			isa = XCSwiftPackageProductDependency;
			package = 7A349B6C2DD6FF5400E526A3 /* XCRemoteSwiftPackageReference "GRDB.swift" */;
			productName = "GRDB-dynamic";
		};
		7ACA8BCB2DE1800500848799 /* XMTPiOS */ = {
			isa = XCSwiftPackageProductDependency;
			package = D8B5A9022DC272BD006003A4 /* XCRemoteSwiftPackageReference "xmtp-ios" */;
			productName = XMTPiOS;
		};
		D8084BA82DC9193A00E708B0 /* DifferenceKit */ = {
			isa = XCSwiftPackageProductDependency;
			package = D8084BA72DC9193A00E708B0 /* XCRemoteSwiftPackageReference "DifferenceKit" */;
			productName = DifferenceKit;
		};
		D8084C1B2DC91F1300E708B0 /* SwiftLintBuildToolPlugin */ = {
			isa = XCSwiftPackageProductDependency;
			package = D80BAEE72DB2F1CD00C2FB42 /* XCRemoteSwiftPackageReference "SwiftLintPlugins" */;
			productName = "plugin:SwiftLintBuildToolPlugin";
		};
		D80850412DC94FA000E708B0 /* SwiftLintBuildToolPlugin */ = {
			isa = XCSwiftPackageProductDependency;
			package = D80BAEE72DB2F1CD00C2FB42 /* XCRemoteSwiftPackageReference "SwiftLintPlugins" */;
			productName = "plugin:SwiftLintBuildToolPlugin";
		};
		D80BAAC12DB2C36500C2FB42 /* Sentry */ = {
			isa = XCSwiftPackageProductDependency;
			package = D80BAAC02DB2C36500C2FB42 /* XCRemoteSwiftPackageReference "sentry-cocoa" */;
			productName = Sentry;
		};
		D834386E2DB19D8C00A50F45 /* Factory */ = {
			isa = XCSwiftPackageProductDependency;
			package = D834386D2DB19D8C00A50F45 /* XCRemoteSwiftPackageReference "Factory" */;
			productName = Factory;
		};
		D8A2B6BA2DA4BBA400EF8577 /* AnchorKit */ = {
			isa = XCSwiftPackageProductDependency;
			package = D8A2B6B92DA4BBA400EF8577 /* XCRemoteSwiftPackageReference "AnchorKit" */;
			productName = AnchorKit;
		};
		D8B5A9032DC272BD006003A4 /* XMTPiOS */ = {
			isa = XCSwiftPackageProductDependency;
			package = D8B5A9022DC272BD006003A4 /* XCRemoteSwiftPackageReference "xmtp-ios" */;
			productName = XMTPiOS;
		};
/* End XCSwiftPackageProductDependency section */
	};
	rootObject = D8A2B6892DA4BA4B00EF8577 /* Project object */;
}
